// !$*UTF8*$!
{
	archiveVersion = 1;
	classes = {
	};
	objectVersion = 77;
	objects = {

/* Begin PBXBuildFile section */
		017884200C34F7C64228DE44 /* CodexAllowanceAdapter.swift in Sources */ = {isa = PBXBuildFile; fileRef = E24B0DE871F393D7648EC80E /* CodexAllowanceAdapter.swift */; };
		0497779E32DD15E621C11D03 /* AllowanceWarningTests.swift in Sources */ = {isa = PBXBuildFile; fileRef = 4B56038D5B652E55EA69B648 /* AllowanceWarningTests.swift */; };
		04D6F3C0A4D68B99003F6848 /* AgenticGlowEventSmokeTests.swift in Sources */ = {isa = PBXBuildFile; fileRef = 0D36E4568D4C0C232DAC4F1B /* AgenticGlowEventSmokeTests.swift */; };
		05DF2A861D31D04DA1C5F017 /* SessionRowMotion.swift in Sources */ = {isa = PBXBuildFile; fileRef = 6C2AFD5F4C0C23570447FC6B /* SessionRowMotion.swift */; };
		097C25276DAD34C5452388F2 /* ProductMetadata.swift in Sources */ = {isa = PBXBuildFile; fileRef = 705977BC1D4D77B2475CECD6 /* ProductMetadata.swift */; };
		09F035F92222190CA45A5054 /* AppModelTests.swift in Sources */ = {isa = PBXBuildFile; fileRef = CBFF8B113BD5CCF602B1399C /* AppModelTests.swift */; };
		0CC7246F3B040EE412395FC7 /* PermissionDissolve.swift in Sources */ = {isa = PBXBuildFile; fileRef = 557D9CED5CA359548180E2E6 /* PermissionDissolve.swift */; };
		0CEAD218BEDA2994FB61450D /* SetupView.swift in Sources */ = {isa = PBXBuildFile; fileRef = 2C79BC8D0FB4DCC545F214B9 /* SetupView.swift */; };
		0D626A999A92570603B3B9BF /* AgenticGlowCore.framework in Frameworks */ = {isa = PBXBuildFile; fileRef = CB215EF226A2A930E51664A7 /* AgenticGlowCore.framework */; };
		0DF282F51837E86223918BA8 /* PreferencesStore.swift in Sources */ = {isa = PBXBuildFile; fileRef = BCB240EE03BC6D945AB738F1 /* PreferencesStore.swift */; };
		0E0E6B37F4EB9D98BB5AEAA6 /* AgenticGlowEventCommand.swift in Sources */ = {isa = PBXBuildFile; fileRef = E9D6527B9D899D9AE37E6513 /* AgenticGlowEventCommand.swift */; };
		183007BC3251A92C84814A88 /* codex-rate-limits.json in Resources */ = {isa = PBXBuildFile; fileRef = D982DF9638C77504896D1881 /* codex-rate-limits.json */; };
		18320558595D293EA74457AC /* AgenticGlowApp.swift in Sources */ = {isa = PBXBuildFile; fileRef = 2C88672709FBBE9C229FB665 /* AgenticGlowApp.swift */; };
		196226E7439686D8D2AEDF45 /* SessionKey.swift in Sources */ = {isa = PBXBuildFile; fileRef = 7AB2F40E369FB0BBDFF5C36B /* SessionKey.swift */; };
		1B996A44F546B3858CC97BA3 /* SessionRowView.swift in Sources */ = {isa = PBXBuildFile; fileRef = 4F50AE41D54AF0BBEA05DD1D /* SessionRowView.swift */; };
		1BF7C5E67DF40811BADA4C16 /* AgenticGlowCore.framework in Frameworks */ = {isa = PBXBuildFile; fileRef = CB215EF226A2A930E51664A7 /* AgenticGlowCore.framework */; };
		1CFC2FEB95B85CA26F2769EC /* AgenticGlowCore.framework in Frameworks */ = {isa = PBXBuildFile; fileRef = CB215EF226A2A930E51664A7 /* AgenticGlowCore.framework */; };
		1ECE8999E8900F3E024601D0 /* pre-tool-use.json in Resources */ = {isa = PBXBuildFile; fileRef = 45A57C3729989A4F98DAEE89 /* pre-tool-use.json */; };
		20B08F0A0BD5F1EAC2664D5B /* claude-usage.json in Resources */ = {isa = PBXBuildFile; fileRef = 819EA27364BBDA9626C67E72 /* claude-usage.json */; };
		237D084CA3B597B8062E7DBB /* ProviderVersionDetector.swift in Sources */ = {isa = PBXBuildFile; fileRef = BB63ED78E1ADC4BD9D2714AE /* ProviderVersionDetector.swift */; };
		2456D0D90270016AB3D17E47 /* ToolCategory.swift in Sources */ = {isa = PBXBuildFile; fileRef = 8926BBF020B1EC1C5537E5C5 /* ToolCategory.swift */; };
		26EBF3A30504F2DF099CA197 /* DurationTier.swift in Sources */ = {isa = PBXBuildFile; fileRef = 35BF86D059F0F86D06790999 /* DurationTier.swift */; };
		294E9E51BD8C74E7C3853DC7 /* StatusPageClient.swift in Sources */ = {isa = PBXBuildFile; fileRef = 6A8F459B78AB124077AC7CAB /* StatusPageClient.swift */; };
		2C261D41276EE035893827B4 /* NormalizedEvent.swift in Sources */ = {isa = PBXBuildFile; fileRef = 281DE424930B0B861F4C4B20 /* NormalizedEvent.swift */; };
		2D9E5212FAEF0047CA863CE0 /* UpdateViewModel.swift in Sources */ = {isa = PBXBuildFile; fileRef = 849DF0FB9E1B17DB2BCCB500 /* UpdateViewModel.swift */; };
		3010D6F3DBA4EA7644895741 /* TestSupport.swift in Sources */ = {isa = PBXBuildFile; fileRef = 216B6EA781EC14324868BEB0 /* TestSupport.swift */; };
		318F45DFD510AA2C5073D8EB /* TestSupport.swift in Sources */ = {isa = PBXBuildFile; fileRef = 216B6EA781EC14324868BEB0 /* TestSupport.swift */; };
		3228A0D7FF2AE4B8A305D2FC /* FileAllowanceCache.swift in Sources */ = {isa = PBXBuildFile; fileRef = 736D2DD8BF21DAED5154C1F1 /* FileAllowanceCache.swift */; };
		3534BB8D6CF80DA4F68BD30C /* permission-request.json in Resources */ = {isa = PBXBuildFile; fileRef = 8104D5A1E6309BDA159B0EB3 /* permission-request.json */; };
		36E48E5B196424D07EE9B5C6 /* VisualQALaunchConfiguration.swift in Sources */ = {isa = PBXBuildFile; fileRef = 835B2830FE9C131F60A5BE07 /* VisualQALaunchConfiguration.swift */; };
		3855935237CE37C7763FCB16 /* claude-usage.json in Resources */ = {isa = PBXBuildFile; fileRef = 819EA27364BBDA9626C67E72 /* claude-usage.json */; };
		3AEB2F2987802D3F7A0CE8E8 /* permission-request.json in Resources */ = {isa = PBXBuildFile; fileRef = 8104D5A1E6309BDA159B0EB3 /* permission-request.json */; };
		3C25322E93C645BEC611F7BF /* AgenticGlowAppSmokeTests.swift in Sources */ = {isa = PBXBuildFile; fileRef = A0C39F4753E65D9704083133 /* AgenticGlowAppSmokeTests.swift */; };
		3CC79689096A6B74FD70B83C /* ExecutableLocator.swift in Sources */ = {isa = PBXBuildFile; fileRef = 21ED6440DC5F8BE0F0346AA2 /* ExecutableLocator.swift */; };
		4036EE8F8497DEB8E6E11DBA /* AllowanceCacheTests.swift in Sources */ = {isa = PBXBuildFile; fileRef = D6BDF7E173224C36D6A55826 /* AllowanceCacheTests.swift */; };
		40C7D00D58803B3C5FA10CBE /* UsageConsentView.swift in Sources */ = {isa = PBXBuildFile; fileRef = F8C4643D677D9B3F0C54905B /* UsageConsentView.swift */; };
		41C304D8029BD3377846F53B /* SessionSnapshot.swift in Sources */ = {isa = PBXBuildFile; fileRef = A0D57322B8A0ACBB63DE7E49 /* SessionSnapshot.swift */; };
		4370510C2C61144C02233103 /* AgenticGlowEventCommandTests.swift in Sources */ = {isa = PBXBuildFile; fileRef = BD7BD42FBB6DB455CECF203F /* AgenticGlowEventCommandTests.swift */; };
		462BEF211C63BA7995DFC677 /* SessionStateStore.swift in Sources */ = {isa = PBXBuildFile; fileRef = 5431A7C2F1A4EF086D142B05 /* SessionStateStore.swift */; };
		4640DBCDCB2B0C5695CE67DC /* stop.json in Resources */ = {isa = PBXBuildFile; fileRef = 49964EE335B3F42FA70E989A /* stop.json */; };
		46C4C20B8B0572CD3E302C8E /* AllowancePresentation.swift in Sources */ = {isa = PBXBuildFile; fileRef = 7C53F572E885A59200578B68 /* AllowancePresentation.swift */; };
		48FDAFD5AACEF35C9AC6D839 /* ClaudeSessionCredentialStore.swift in Sources */ = {isa = PBXBuildFile; fileRef = 20DBE0D16A4A34E5D2656C82 /* ClaudeSessionCredentialStore.swift */; };
		4ACCE55191A2EE2A2BDBA062 /* IntegrationStatus.swift in Sources */ = {isa = PBXBuildFile; fileRef = 82CB06FA8CA96570073A5931 /* IntegrationStatus.swift */; };
		4AFB82A6B4698DB6B71D2E19 /* AllowanceAdapter.swift in Sources */ = {isa = PBXBuildFile; fileRef = A23E352B85895A8A294977FC /* AllowanceAdapter.swift */; };
		4BA78FF28099354B057B2A2E /* HookNormalizer.swift in Sources */ = {isa = PBXBuildFile; fileRef = 7E9B2E99889D9DD3C4DA034D /* HookNormalizer.swift */; };
		4DDA0BA62FB1B7928256ACB6 /* LiquidGlassSurface.swift in Sources */ = {isa = PBXBuildFile; fileRef = D2938FAB242A16FFE3A8CD74 /* LiquidGlassSurface.swift */; };
		5148B4D61979ABE2A235797F /* AgenticGlowLaunchTests.swift in Sources */ = {isa = PBXBuildFile; fileRef = 5AFB630BA9BD83DF76A64083 /* AgenticGlowLaunchTests.swift */; };
		560F13E337C8692F0D32C9DB /* TestSupport.swift in Sources */ = {isa = PBXBuildFile; fileRef = 216B6EA781EC14324868BEB0 /* TestSupport.swift */; };
		5849F73C1F73685AB1F96B5D /* GlassAppearance.swift in Sources */ = {isa = PBXBuildFile; fileRef = A0EBA8B2074D34DDA9B6CF9E /* GlassAppearance.swift */; };
		586DE423544315B499BEE64C /* CodexAllowanceAdapterTests.swift in Sources */ = {isa = PBXBuildFile; fileRef = EF901100AB66864CABD16C7E /* CodexAllowanceAdapterTests.swift */; };
		598FAE5E2DC249C0C90A03F7 /* ProviderStatusMonitor.swift in Sources */ = {isa = PBXBuildFile; fileRef = B268262F8ECC372D1C961E7D /* ProviderStatusMonitor.swift */; };
		59B7064BC525BB9983969226 /* ProcessIdentityResolverTests.swift in Sources */ = {isa = PBXBuildFile; fileRef = 1B41BB5ACD7A89E1DC0660B9 /* ProcessIdentityResolverTests.swift */; };
		5A21DBBD0A80204E75FBA076 /* SourceApplicationActivator.swift in Sources */ = {isa = PBXBuildFile; fileRef = 493FB20BB6159F16A52EFBAB /* SourceApplicationActivator.swift */; };
		5A5DCF454C17C45C0B1C3070 /* AgenticGlowUITests.swift in Sources */ = {isa = PBXBuildFile; fileRef = B4EF183F02A6D2B64F64CAB2 /* AgenticGlowUITests.swift */; };
		5AE71807122432263047C80F /* SessionPhaseTests.swift in Sources */ = {isa = PBXBuildFile; fileRef = 47C885E0A83B25089A0F91FD /* SessionPhaseTests.swift */; };
		5C7EE0687E2DD04857CF3085 /* AllowancePolicyTests.swift in Sources */ = {isa = PBXBuildFile; fileRef = 40989AAEDDF1F4D72714B980 /* AllowancePolicyTests.swift */; };
		5E19FA68F706AA0263E045EC /* pre-tool-use.json in Resources */ = {isa = PBXBuildFile; fileRef = 45A57C3729989A4F98DAEE89 /* pre-tool-use.json */; };
		5EF1FDD618E19AA1B393CF18 /* CodexIntegrationManager.swift in Sources */ = {isa = PBXBuildFile; fileRef = 8F17758F92DA69BE48F7C3EC /* CodexIntegrationManager.swift */; };
		61DCCAAD6704FB2D0FB65C12 /* GlassAppearanceTests.swift in Sources */ = {isa = PBXBuildFile; fileRef = 851C39342ADB16A9FFE21DD9 /* GlassAppearanceTests.swift */; };
		632CCFF5BAF2E0060D5752CE /* user-prompt-submit.json in Resources */ = {isa = PBXBuildFile; fileRef = E2E98FF53E88A359B5C3E345 /* user-prompt-submit.json */; };
		6616C3FFD291701C74E0A630 /* SessionDetailPresentationTests.swift in Sources */ = {isa = PBXBuildFile; fileRef = AA26F55C271A365F0526E119 /* SessionDetailPresentationTests.swift */; };
		662326058893BB21A7B04493 /* SetupViewModel.swift in Sources */ = {isa = PBXBuildFile; fileRef = 30AD5E52FB58312BF6DF93A2 /* SetupViewModel.swift */; };
		66C47EDDEC29C3371EE1EE33 /* LaunchAtLoginService.swift in Sources */ = {isa = PBXBuildFile; fileRef = 404BC3AEDF8446564803A481 /* LaunchAtLoginService.swift */; };
		696D7565CE4E9845DE9823CD /* StatusPresentationTests.swift in Sources */ = {isa = PBXBuildFile; fileRef = EF55C0928A839C5F09DD4F50 /* StatusPresentationTests.swift */; };
		69DE5C69CA8074EC6AD913B5 /* JSONConfigEditorTests.swift in Sources */ = {isa = PBXBuildFile; fileRef = CA48A33A7F83D51545B46C58 /* JSONConfigEditorTests.swift */; };
		6D012C9FDEFBC5DAF5AA7EB4 /* StatusPresentation.swift in Sources */ = {isa = PBXBuildFile; fileRef = 4135907A526D059ECAB4872C /* StatusPresentation.swift */; };
		6D3752451B73567DAE129C70 /* SessionListView.swift in Sources */ = {isa = PBXBuildFile; fileRef = 166738A4E3CA52BF6BAA156A /* SessionListView.swift */; };
		72F090DE27777269AF8DB405 /* ProcessIdentityResolver.swift in Sources */ = {isa = PBXBuildFile; fileRef = 978BC98579D24733CBE3FF66 /* ProcessIdentityResolver.swift */; };
		737EBF36C88DC838672F4A62 /* HookNormalizerTests.swift in Sources */ = {isa = PBXBuildFile; fileRef = 6DC217C0449B7AA3CFA3A1C0 /* HookNormalizerTests.swift */; };
		77DAE18C392566198236AF23 /* ProviderStatusTests.swift in Sources */ = {isa = PBXBuildFile; fileRef = 90F24B3B97EA473795F54857 /* ProviderStatusTests.swift */; };
		7916C939D5FAFFD6DC0D4754 /* ProductMetadataTests.swift in Sources */ = {isa = PBXBuildFile; fileRef = A6D22C7FDD542B1FE8FA631C /* ProductMetadataTests.swift */; };
		813A3B80E6A8A1C4ADCF9D14 /* SessionResolverTests.swift in Sources */ = {isa = PBXBuildFile; fileRef = 523377D885E7D16EDB5BD471 /* SessionResolverTests.swift */; };
		838AF383BE64791BD5538FCD /* UpdateCheckerTests.swift in Sources */ = {isa = PBXBuildFile; fileRef = B2417216E5D617D9EDF73F87 /* UpdateCheckerTests.swift */; };
		8487ADE0BFCDF1F9DB6AD41A /* AgentNotificationServiceTests.swift in Sources */ = {isa = PBXBuildFile; fileRef = 79811F68ECBDF2BBF892A744 /* AgentNotificationServiceTests.swift */; };
		852D7ABAD149551CB9AC3BDA /* main.swift in Sources */ = {isa = PBXBuildFile; fileRef = 55191268A04D7DA3945A36B4 /* main.swift */; };
		859F19A77DCDC8F2D73E91D2 /* AllowanceModelTests.swift in Sources */ = {isa = PBXBuildFile; fileRef = 7E61DC8E63495DA7CEF5A4D7 /* AllowanceModelTests.swift */; };
		89CF82D3F400F9A21AB3A46F /* SessionResolver.swift in Sources */ = {isa = PBXBuildFile; fileRef = A3597CD22675B161FAB22C04 /* SessionResolver.swift */; };
		8C556B28E93AD5F008F7DB3A /* JSONConfigEditor.swift in Sources */ = {isa = PBXBuildFile; fileRef = AC01C9DC54834FCD2968551A /* JSONConfigEditor.swift */; };
		8D1A60CC7519895E25122BA9 /* AllowancePresentationTests.swift in Sources */ = {isa = PBXBuildFile; fileRef = 9874361D6CB0DC0D689C05A9 /* AllowancePresentationTests.swift */; };
		8DD5984DD7DDF06350122C46 /* ProviderServiceStatus.swift in Sources */ = {isa = PBXBuildFile; fileRef = 87103F95A6621E2B381ACF3A /* ProviderServiceStatus.swift */; };
		8E73F2437658CB4F8F4DB8EC /* CodexAllowanceNormalizer.swift in Sources */ = {isa = PBXBuildFile; fileRef = 4F07314CD38F8EEFA2416A15 /* CodexAllowanceNormalizer.swift */; };
		91328CE47E0A7306E0A186A3 /* NotificationPolicy.swift in Sources */ = {isa = PBXBuildFile; fileRef = FB8326E3F86255928C7AEFDA /* NotificationPolicy.swift */; };
		919B0EC61D7CE4FDAD0D28A7 /* HelperInstaller.swift in Sources */ = {isa = PBXBuildFile; fileRef = FE2FBF576C59C9FADAEDD071 /* HelperInstaller.swift */; };
		9452EFB6B8C8FDFD7E2EA8D3 /* PermissionDissolveTests.swift in Sources */ = {isa = PBXBuildFile; fileRef = E432185948B90718FA57E8C5 /* PermissionDissolveTests.swift */; };
		95A062817F9FA41B91174EB3 /* SessionPhasePresentationTests.swift in Sources */ = {isa = PBXBuildFile; fileRef = 277C6FD377543507F858A73F /* SessionPhasePresentationTests.swift */; };
		95A3E1310B605C0FDBF54F90 /* ClaudeSessionCredentialStoreTests.swift in Sources */ = {isa = PBXBuildFile; fileRef = 2C6DEB49672FFC3761738A19 /* ClaudeSessionCredentialStoreTests.swift */; };
		96CF22473BAAA86CA0B548D2 /* NotificationPolicyTests.swift in Sources */ = {isa = PBXBuildFile; fileRef = 7B7F2C014792E7943EFDD7EA /* NotificationPolicyTests.swift */; };
		987ECE9250D8C10BA64B21CE /* SessionPhasePresentation.swift in Sources */ = {isa = PBXBuildFile; fileRef = E166054D7644887FE54E382A /* SessionPhasePresentation.swift */; };
		9CB22BDA15491AD86835F8F8 /* StatusItemController.swift in Sources */ = {isa = PBXBuildFile; fileRef = 57FAAB171A3AF6CA945DE557 /* StatusItemController.swift */; };
		9D4145D344BA9CED64470B3E /* user-prompt-submit.json in Resources */ = {isa = PBXBuildFile; fileRef = E2E98FF53E88A359B5C3E345 /* user-prompt-submit.json */; };
		9D54966B84C2C9C4A3FC2A13 /* ProcessInspector.swift in Sources */ = {isa = PBXBuildFile; fileRef = 1ACCD7381A4853B8E111A773 /* ProcessInspector.swift */; };
		9FE924B809BB0C999F448CE8 /* AllowanceSectionView.swift in Sources */ = {isa = PBXBuildFile; fileRef = 4346FBB5245525ECAF9552A9 /* AllowanceSectionView.swift */; };
		A5626E95332C82CBC96A787D /* HookDefinitionFactory.swift in Sources */ = {isa = PBXBuildFile; fileRef = 3EAF9E00C138C15B698C03B4 /* HookDefinitionFactory.swift */; };
		A66DCF1EE03BFF169A2E3F6B /* UpdateChecker.swift in Sources */ = {isa = PBXBuildFile; fileRef = E56337F47EF2714D05823D2E /* UpdateChecker.swift */; };
		A721D354D59679998714572C /* AgenticGlowCore.framework in Frameworks */ = {isa = PBXBuildFile; fileRef = CB215EF226A2A930E51664A7 /* AgenticGlowCore.framework */; };
		A74B58C03AF64E6D5FD0EC4A /* ProcessIdentity.swift in Sources */ = {isa = PBXBuildFile; fileRef = DEFBEECE0CB8A09500C9CA31 /* ProcessIdentity.swift */; };
		AA595E83E76DE8D9A39456D2 /* SessionStateStoreTests.swift in Sources */ = {isa = PBXBuildFile; fileRef = 6DF9B30242B649B5C6291047 /* SessionStateStoreTests.swift */; };
		AA8C813E70867C45A07090A1 /* VisualQALaunchConfigurationTests.swift in Sources */ = {isa = PBXBuildFile; fileRef = 54119471A3DD335693B286FE /* VisualQALaunchConfigurationTests.swift */; };
		AB79A0D58C5EE1D88CC599AF /* UITestSessionStore.swift in Sources */ = {isa = PBXBuildFile; fileRef = 0763AF5FB0C0D3034BE5AB2D /* UITestSessionStore.swift */; };
		AC2654EEB91547E6F1FD5350 /* ProviderColor.swift in Sources */ = {isa = PBXBuildFile; fileRef = 1A2FBC7471D1A39500680CA0 /* ProviderColor.swift */; };
		AD7F046DF4BEE3D380E5D412 /* SessionDetailPresentation.swift in Sources */ = {isa = PBXBuildFile; fileRef = 21D5A6C4DA30D09587E099ED /* SessionDetailPresentation.swift */; };
		AEF2E424FB6EC7FDCF96373D /* HookEventKind.swift in Sources */ = {isa = PBXBuildFile; fileRef = 0DBC5398CA02E6A4C00D7A2B /* HookEventKind.swift */; };
		B0A58E68FB19543062D3305B /* WeeklyResetDetector.swift in Sources */ = {isa = PBXBuildFile; fileRef = ADD207C8260418287CC0C9F4 /* WeeklyResetDetector.swift */; };
		B17BDD406240127E4F78FA04 /* SetupViewModelTests.swift in Sources */ = {isa = PBXBuildFile; fileRef = 9E9076E66E6BF081096A0783 /* SetupViewModelTests.swift */; };
		B782EFFA66668A475E4B0622 /* CodexIntegrationManagerTests.swift in Sources */ = {isa = PBXBuildFile; fileRef = 5EEBCA97BDCCEF19F99C91BA /* CodexIntegrationManagerTests.swift */; };
		B86AF3A466D6AD56AFA8A14D /* ClaudeAllowanceAdapter.swift in Sources */ = {isa = PBXBuildFile; fileRef = D412365288FA361EA549F936 /* ClaudeAllowanceAdapter.swift */; };
		B9785B941DEDFFA28C9717BF /* DiagnosticLoggerTests.swift in Sources */ = {isa = PBXBuildFile; fileRef = 1F16F21073C05BCF4BE52185 /* DiagnosticLoggerTests.swift */; };
		B9CB48CF2D51271CCA36D761 /* ClaudeIntegrationManager.swift in Sources */ = {isa = PBXBuildFile; fileRef = F53617C3A4D3E6EE091A7876 /* ClaudeIntegrationManager.swift */; };
		BCA9D1F05EDB16D92A69737C /* SyntheticEventService.swift in Sources */ = {isa = PBXBuildFile; fileRef = 829A953919BF21B83C220FFE /* SyntheticEventService.swift */; };
		C55B3CBE83F8B46D216AB393 /* stop.json in Resources */ = {isa = PBXBuildFile; fileRef = 49964EE335B3F42FA70E989A /* stop.json */; };
		C57B7700563FCEA4AF858A6F /* AllowanceRefreshCoordinator.swift in Sources */ = {isa = PBXBuildFile; fileRef = DA41C809073FE3BDF4A37FF8 /* AllowanceRefreshCoordinator.swift */; };
		C7C9B31CE60FA321C870674B /* Assets.xcassets in Resources */ = {isa = PBXBuildFile; fileRef = FD71F7060C2532BA0590C9AE /* Assets.xcassets */; };
		CE67EF0878DD1A7260A743B0 /* WeeklyResetDetectorTests.swift in Sources */ = {isa = PBXBuildFile; fileRef = 88602F1C495DE44E18D4FCFD /* WeeklyResetDetectorTests.swift */; };
		CF57CE6B8A985B4A5BADC008 /* HelperInstallerTests.swift in Sources */ = {isa = PBXBuildFile; fileRef = D2F943F38C7970E829E11BD2 /* HelperInstallerTests.swift */; };
		D14724EBA140B84547F37332 /* ProviderColorTests.swift in Sources */ = {isa = PBXBuildFile; fileRef = 8B3B26BB315DB673EB23BFA8 /* ProviderColorTests.swift */; };
		D3E0C5B16827C452403E474A /* DiagnosticLogger.swift in Sources */ = {isa = PBXBuildFile; fileRef = E7D5F748819AA3331177D6D4 /* DiagnosticLogger.swift */; };
		D46FFAF6BB3C958C8A914002 /* AllowanceWarning.swift in Sources */ = {isa = PBXBuildFile; fileRef = FA144C14771532CB8B2C2951 /* AllowanceWarning.swift */; };
		D63891268110C4C55073CA71 /* ExecutableLocatorTests.swift in Sources */ = {isa = PBXBuildFile; fileRef = 919C32C56CA9405F36015736 /* ExecutableLocatorTests.swift */; };
		D6EBA6BFF60DC6724AA3E151 /* SettingsView.swift in Sources */ = {isa = PBXBuildFile; fileRef = 7F88D47C441E780F8ADA4880 /* SettingsView.swift */; };
		D7B73C72D460F999490B2C84 /* ProviderAllowance.swift in Sources */ = {isa = PBXBuildFile; fileRef = 88115C0C25E40D80C8E83266 /* ProviderAllowance.swift */; };
		D8D4457FF742F561DB4F36F4 /* AppDelegate.swift in Sources */ = {isa = PBXBuildFile; fileRef = D80032B619FD4696E5CAEFA3 /* AppDelegate.swift */; };
		D90686462916B77A3593C55B /* NormalizedEventTests.swift in Sources */ = {isa = PBXBuildFile; fileRef = 18E366BBA73A954436275513 /* NormalizedEventTests.swift */; };
		DCFB1626E45373461875416C /* AgenticGlowCore.framework in Frameworks */ = {isa = PBXBuildFile; fileRef = CB215EF226A2A930E51664A7 /* AgenticGlowCore.framework */; };
		DE08088A9510936ECA46CC1E /* PreferencesStoreTests.swift in Sources */ = {isa = PBXBuildFile; fileRef = 04E752BA418FA3E0A5A56086 /* PreferencesStoreTests.swift */; };
		DF476C49C3C5DC852C786720 /* codex-rate-limits.json in Resources */ = {isa = PBXBuildFile; fileRef = D982DF9638C77504896D1881 /* codex-rate-limits.json */; };
		E60681C5715B2578326BD81C /* AgentProvider.swift in Sources */ = {isa = PBXBuildFile; fileRef = 543709F2AB86176074499CBB /* AgentProvider.swift */; };
		E8ED38702C494E1FA87C60A5 /* SessionRowMotionTests.swift in Sources */ = {isa = PBXBuildFile; fileRef = CA38B7480C5F630B9C7C0958 /* SessionRowMotionTests.swift */; };
		EB82B8C6A44750FD5D9EF35B /* ClaudeAllowanceAdapterTests.swift in Sources */ = {isa = PBXBuildFile; fileRef = 31BF7055F3651BD7573A69A2 /* ClaudeAllowanceAdapterTests.swift */; };
		EC2725DF791446518791A248 /* AgentNotificationService.swift in Sources */ = {isa = PBXBuildFile; fileRef = 6AB433A432EB0C0F299DD3A5 /* AgentNotificationService.swift */; };
		F1682E6AE910E5B9A2A04E77 /* ClaudeIntegrationManagerTests.swift in Sources */ = {isa = PBXBuildFile; fileRef = BAD0B9B8E1037AAFBDD11437 /* ClaudeIntegrationManagerTests.swift */; };
		F286223DEB57DC70F9E27A0F /* AppModel.swift in Sources */ = {isa = PBXBuildFile; fileRef = 0CB928AEE9B3D0C394AA900B /* AppModel.swift */; };
		F4858FB86BC4D88FC861EB1E /* DurationTierTests.swift in Sources */ = {isa = PBXBuildFile; fileRef = F102D015A8E47912D9FE45D7 /* DurationTierTests.swift */; };
		FAB1C0210333E824460BE6D2 /* AllowanceRefreshCoordinatorTests.swift in Sources */ = {isa = PBXBuildFile; fileRef = DD900C395D8ED57E743096C1 /* AllowanceRefreshCoordinatorTests.swift */; };
/* End PBXBuildFile section */

/* Begin PBXContainerItemProxy section */
		04EA03E389CD50CB9CB35BBD /* PBXContainerItemProxy */ = {
			isa = PBXContainerItemProxy;
			containerPortal = D9897CC5BFCC8F2D7D68CFD5 /* Project object */;
			proxyType = 1;
			remoteGlobalIDString = E2D99C5FCA5EA16B2777B0C1;
			remoteInfo = AgenticGlow;
		};
		3C1CB2671C6D93430C22314B /* PBXContainerItemProxy */ = {
			isa = PBXContainerItemProxy;
			containerPortal = D9897CC5BFCC8F2D7D68CFD5 /* Project object */;
			proxyType = 1;
			remoteGlobalIDString = 0051B037A762B63699E54A23;
			remoteInfo = AgenticGlowCore;
		};
		49C201C606F05D9EC09D9106 /* PBXContainerItemProxy */ = {
			isa = PBXContainerItemProxy;
			containerPortal = D9897CC5BFCC8F2D7D68CFD5 /* Project object */;
			proxyType = 1;
			remoteGlobalIDString = 0051B037A762B63699E54A23;
			remoteInfo = AgenticGlowCore;
		};
		4B90C2CD5145388F5AD1D1D3 /* PBXContainerItemProxy */ = {
			isa = PBXContainerItemProxy;
			containerPortal = D9897CC5BFCC8F2D7D68CFD5 /* Project object */;
			proxyType = 1;
			remoteGlobalIDString = E2D99C5FCA5EA16B2777B0C1;
			remoteInfo = AgenticGlow;
		};
		639549B73CE680CF6B13A666 /* PBXContainerItemProxy */ = {
			isa = PBXContainerItemProxy;
			containerPortal = D9897CC5BFCC8F2D7D68CFD5 /* Project object */;
			proxyType = 1;
			remoteGlobalIDString = 0051B037A762B63699E54A23;
			remoteInfo = AgenticGlowCore;
		};
		7921E913E56263DC5EA34156 /* PBXContainerItemProxy */ = {
			isa = PBXContainerItemProxy;
			containerPortal = D9897CC5BFCC8F2D7D68CFD5 /* Project object */;
			proxyType = 1;
			remoteGlobalIDString = 0051B037A762B63699E54A23;
			remoteInfo = AgenticGlowCore;
		};
		989107E3CE5CD192D6882E69 /* PBXContainerItemProxy */ = {
			isa = PBXContainerItemProxy;
			containerPortal = D9897CC5BFCC8F2D7D68CFD5 /* Project object */;
			proxyType = 1;
			remoteGlobalIDString = 0051B037A762B63699E54A23;
			remoteInfo = AgenticGlowCore;
		};
		F9A1005E176D57214B84170F /* PBXContainerItemProxy */ = {
			isa = PBXContainerItemProxy;
			containerPortal = D9897CC5BFCC8F2D7D68CFD5 /* Project object */;
			proxyType = 1;
			remoteGlobalIDString = 34A7A5A7E96CE1F2D6FAF827;
			remoteInfo = AgenticGlowEvent;
		};
/* End PBXContainerItemProxy section */

/* Begin PBXFileReference section */
		04E752BA418FA3E0A5A56086 /* PreferencesStoreTests.swift */ = {isa = PBXFileReference; lastKnownFileType = sourcecode.swift; path = PreferencesStoreTests.swift; sourceTree = "<group>"; };
		0763AF5FB0C0D3034BE5AB2D /* UITestSessionStore.swift */ = {isa = PBXFileReference; lastKnownFileType = sourcecode.swift; path = UITestSessionStore.swift; sourceTree = "<group>"; };
		0BA5EC4E6D06504DF5A657C9 /* AgenticGlowEvent */ = {isa = PBXFileReference; includeInIndex = 0; path = AgenticGlowEvent; sourceTree = BUILT_PRODUCTS_DIR; };
		0CB928AEE9B3D0C394AA900B /* AppModel.swift */ = {isa = PBXFileReference; lastKnownFileType = sourcecode.swift; path = AppModel.swift; sourceTree = "<group>"; };
		0D36E4568D4C0C232DAC4F1B /* AgenticGlowEventSmokeTests.swift */ = {isa = PBXFileReference; lastKnownFileType = sourcecode.swift; path = AgenticGlowEventSmokeTests.swift; sourceTree = "<group>"; };
		0DBC5398CA02E6A4C00D7A2B /* HookEventKind.swift */ = {isa = PBXFileReference; lastKnownFileType = sourcecode.swift; path = HookEventKind.swift; sourceTree = "<group>"; };
		166738A4E3CA52BF6BAA156A /* SessionListView.swift */ = {isa = PBXFileReference; lastKnownFileType = sourcecode.swift; path = SessionListView.swift; sourceTree = "<group>"; };
		18B38C3F07561451BED08073 /* AgenticGlowEventTests.xctest */ = {isa = PBXFileReference; explicitFileType = wrapper.cfbundle; includeInIndex = 0; path = AgenticGlowEventTests.xctest; sourceTree = BUILT_PRODUCTS_DIR; };
		18E366BBA73A954436275513 /* NormalizedEventTests.swift */ = {isa = PBXFileReference; lastKnownFileType = sourcecode.swift; path = NormalizedEventTests.swift; sourceTree = "<group>"; };
		1A2FBC7471D1A39500680CA0 /* ProviderColor.swift */ = {isa = PBXFileReference; lastKnownFileType = sourcecode.swift; path = ProviderColor.swift; sourceTree = "<group>"; };
		1ACCD7381A4853B8E111A773 /* ProcessInspector.swift */ = {isa = PBXFileReference; lastKnownFileType = sourcecode.swift; path = ProcessInspector.swift; sourceTree = "<group>"; };
		1B41BB5ACD7A89E1DC0660B9 /* ProcessIdentityResolverTests.swift */ = {isa = PBXFileReference; lastKnownFileType = sourcecode.swift; path = ProcessIdentityResolverTests.swift; sourceTree = "<group>"; };
		1F16F21073C05BCF4BE52185 /* DiagnosticLoggerTests.swift */ = {isa = PBXFileReference; lastKnownFileType = sourcecode.swift; path = DiagnosticLoggerTests.swift; sourceTree = "<group>"; };
		20DBE0D16A4A34E5D2656C82 /* ClaudeSessionCredentialStore.swift */ = {isa = PBXFileReference; lastKnownFileType = sourcecode.swift; path = ClaudeSessionCredentialStore.swift; sourceTree = "<group>"; };
		216B6EA781EC14324868BEB0 /* TestSupport.swift */ = {isa = PBXFileReference; lastKnownFileType = sourcecode.swift; path = TestSupport.swift; sourceTree = "<group>"; };
		21D5A6C4DA30D09587E099ED /* SessionDetailPresentation.swift */ = {isa = PBXFileReference; lastKnownFileType = sourcecode.swift; path = SessionDetailPresentation.swift; sourceTree = "<group>"; };
		21ED6440DC5F8BE0F0346AA2 /* ExecutableLocator.swift */ = {isa = PBXFileReference; lastKnownFileType = sourcecode.swift; path = ExecutableLocator.swift; sourceTree = "<group>"; };
		277C6FD377543507F858A73F /* SessionPhasePresentationTests.swift */ = {isa = PBXFileReference; lastKnownFileType = sourcecode.swift; path = SessionPhasePresentationTests.swift; sourceTree = "<group>"; };
		281DE424930B0B861F4C4B20 /* NormalizedEvent.swift */ = {isa = PBXFileReference; lastKnownFileType = sourcecode.swift; path = NormalizedEvent.swift; sourceTree = "<group>"; };
		2C6DEB49672FFC3761738A19 /* ClaudeSessionCredentialStoreTests.swift */ = {isa = PBXFileReference; lastKnownFileType = sourcecode.swift; path = ClaudeSessionCredentialStoreTests.swift; sourceTree = "<group>"; };
		2C79BC8D0FB4DCC545F214B9 /* SetupView.swift */ = {isa = PBXFileReference; lastKnownFileType = sourcecode.swift; path = SetupView.swift; sourceTree = "<group>"; };
		2C88672709FBBE9C229FB665 /* AgenticGlowApp.swift */ = {isa = PBXFileReference; lastKnownFileType = sourcecode.swift; path = AgenticGlowApp.swift; sourceTree = "<group>"; };
		30AD5E52FB58312BF6DF93A2 /* SetupViewModel.swift */ = {isa = PBXFileReference; lastKnownFileType = sourcecode.swift; path = SetupViewModel.swift; sourceTree = "<group>"; };
		31BF7055F3651BD7573A69A2 /* ClaudeAllowanceAdapterTests.swift */ = {isa = PBXFileReference; lastKnownFileType = sourcecode.swift; path = ClaudeAllowanceAdapterTests.swift; sourceTree = "<group>"; };
		35BF86D059F0F86D06790999 /* DurationTier.swift */ = {isa = PBXFileReference; lastKnownFileType = sourcecode.swift; path = DurationTier.swift; sourceTree = "<group>"; };
		3EAF9E00C138C15B698C03B4 /* HookDefinitionFactory.swift */ = {isa = PBXFileReference; lastKnownFileType = sourcecode.swift; path = HookDefinitionFactory.swift; sourceTree = "<group>"; };
		404BC3AEDF8446564803A481 /* LaunchAtLoginService.swift */ = {isa = PBXFileReference; lastKnownFileType = sourcecode.swift; path = LaunchAtLoginService.swift; sourceTree = "<group>"; };
		40989AAEDDF1F4D72714B980 /* AllowancePolicyTests.swift */ = {isa = PBXFileReference; lastKnownFileType = sourcecode.swift; path = AllowancePolicyTests.swift; sourceTree = "<group>"; };
		4135907A526D059ECAB4872C /* StatusPresentation.swift */ = {isa = PBXFileReference; lastKnownFileType = sourcecode.swift; path = StatusPresentation.swift; sourceTree = "<group>"; };
		4346FBB5245525ECAF9552A9 /* AllowanceSectionView.swift */ = {isa = PBXFileReference; lastKnownFileType = sourcecode.swift; path = AllowanceSectionView.swift; sourceTree = "<group>"; };
		45A57C3729989A4F98DAEE89 /* pre-tool-use.json */ = {isa = PBXFileReference; lastKnownFileType = text.json; path = "pre-tool-use.json"; sourceTree = "<group>"; };
		47C885E0A83B25089A0F91FD /* SessionPhaseTests.swift */ = {isa = PBXFileReference; lastKnownFileType = sourcecode.swift; path = SessionPhaseTests.swift; sourceTree = "<group>"; };
		493FB20BB6159F16A52EFBAB /* SourceApplicationActivator.swift */ = {isa = PBXFileReference; lastKnownFileType = sourcecode.swift; path = SourceApplicationActivator.swift; sourceTree = "<group>"; };
		49964EE335B3F42FA70E989A /* stop.json */ = {isa = PBXFileReference; lastKnownFileType = text.json; path = stop.json; sourceTree = "<group>"; };
		4B56038D5B652E55EA69B648 /* AllowanceWarningTests.swift */ = {isa = PBXFileReference; lastKnownFileType = sourcecode.swift; path = AllowanceWarningTests.swift; sourceTree = "<group>"; };
		4F07314CD38F8EEFA2416A15 /* CodexAllowanceNormalizer.swift */ = {isa = PBXFileReference; lastKnownFileType = sourcecode.swift; path = CodexAllowanceNormalizer.swift; sourceTree = "<group>"; };
		4F50AE41D54AF0BBEA05DD1D /* SessionRowView.swift */ = {isa = PBXFileReference; lastKnownFileType = sourcecode.swift; path = SessionRowView.swift; sourceTree = "<group>"; };
		523377D885E7D16EDB5BD471 /* SessionResolverTests.swift */ = {isa = PBXFileReference; lastKnownFileType = sourcecode.swift; path = SessionResolverTests.swift; sourceTree = "<group>"; };
		54119471A3DD335693B286FE /* VisualQALaunchConfigurationTests.swift */ = {isa = PBXFileReference; lastKnownFileType = sourcecode.swift; path = VisualQALaunchConfigurationTests.swift; sourceTree = "<group>"; };
		5431A7C2F1A4EF086D142B05 /* SessionStateStore.swift */ = {isa = PBXFileReference; lastKnownFileType = sourcecode.swift; path = SessionStateStore.swift; sourceTree = "<group>"; };
		543709F2AB86176074499CBB /* AgentProvider.swift */ = {isa = PBXFileReference; lastKnownFileType = sourcecode.swift; path = AgentProvider.swift; sourceTree = "<group>"; };
		55191268A04D7DA3945A36B4 /* main.swift */ = {isa = PBXFileReference; lastKnownFileType = sourcecode.swift; path = main.swift; sourceTree = "<group>"; };
		557D9CED5CA359548180E2E6 /* PermissionDissolve.swift */ = {isa = PBXFileReference; lastKnownFileType = sourcecode.swift; path = PermissionDissolve.swift; sourceTree = "<group>"; };
		57FAAB171A3AF6CA945DE557 /* StatusItemController.swift */ = {isa = PBXFileReference; lastKnownFileType = sourcecode.swift; path = StatusItemController.swift; sourceTree = "<group>"; };
		5AFB630BA9BD83DF76A64083 /* AgenticGlowLaunchTests.swift */ = {isa = PBXFileReference; lastKnownFileType = sourcecode.swift; path = AgenticGlowLaunchTests.swift; sourceTree = "<group>"; };
		5EEBCA97BDCCEF19F99C91BA /* CodexIntegrationManagerTests.swift */ = {isa = PBXFileReference; lastKnownFileType = sourcecode.swift; path = CodexIntegrationManagerTests.swift; sourceTree = "<group>"; };
		6A8F459B78AB124077AC7CAB /* StatusPageClient.swift */ = {isa = PBXFileReference; lastKnownFileType = sourcecode.swift; path = StatusPageClient.swift; sourceTree = "<group>"; };
		6AB433A432EB0C0F299DD3A5 /* AgentNotificationService.swift */ = {isa = PBXFileReference; lastKnownFileType = sourcecode.swift; path = AgentNotificationService.swift; sourceTree = "<group>"; };
		6C2AFD5F4C0C23570447FC6B /* SessionRowMotion.swift */ = {isa = PBXFileReference; lastKnownFileType = sourcecode.swift; path = SessionRowMotion.swift; sourceTree = "<group>"; };
		6DC217C0449B7AA3CFA3A1C0 /* HookNormalizerTests.swift */ = {isa = PBXFileReference; lastKnownFileType = sourcecode.swift; path = HookNormalizerTests.swift; sourceTree = "<group>"; };
		6DF9B30242B649B5C6291047 /* SessionStateStoreTests.swift */ = {isa = PBXFileReference; lastKnownFileType = sourcecode.swift; path = SessionStateStoreTests.swift; sourceTree = "<group>"; };
		705977BC1D4D77B2475CECD6 /* ProductMetadata.swift */ = {isa = PBXFileReference; lastKnownFileType = sourcecode.swift; path = ProductMetadata.swift; sourceTree = "<group>"; };
		736D2DD8BF21DAED5154C1F1 /* FileAllowanceCache.swift */ = {isa = PBXFileReference; lastKnownFileType = sourcecode.swift; path = FileAllowanceCache.swift; sourceTree = "<group>"; };
		754C4DC98D278BCC32FCAF9A /* AgenticGlowCoreTests.xctest */ = {isa = PBXFileReference; explicitFileType = wrapper.cfbundle; includeInIndex = 0; path = AgenticGlowCoreTests.xctest; sourceTree = BUILT_PRODUCTS_DIR; };
		79811F68ECBDF2BBF892A744 /* AgentNotificationServiceTests.swift */ = {isa = PBXFileReference; lastKnownFileType = sourcecode.swift; path = AgentNotificationServiceTests.swift; sourceTree = "<group>"; };
		7AB2F40E369FB0BBDFF5C36B /* SessionKey.swift */ = {isa = PBXFileReference; lastKnownFileType = sourcecode.swift; path = SessionKey.swift; sourceTree = "<group>"; };
		7B7F2C014792E7943EFDD7EA /* NotificationPolicyTests.swift */ = {isa = PBXFileReference; lastKnownFileType = sourcecode.swift; path = NotificationPolicyTests.swift; sourceTree = "<group>"; };
		7C53F572E885A59200578B68 /* AllowancePresentation.swift */ = {isa = PBXFileReference; lastKnownFileType = sourcecode.swift; path = AllowancePresentation.swift; sourceTree = "<group>"; };
		7E61DC8E63495DA7CEF5A4D7 /* AllowanceModelTests.swift */ = {isa = PBXFileReference; lastKnownFileType = sourcecode.swift; path = AllowanceModelTests.swift; sourceTree = "<group>"; };
		7E9B2E99889D9DD3C4DA034D /* HookNormalizer.swift */ = {isa = PBXFileReference; lastKnownFileType = sourcecode.swift; path = HookNormalizer.swift; sourceTree = "<group>"; };
		7F88D47C441E780F8ADA4880 /* SettingsView.swift */ = {isa = PBXFileReference; lastKnownFileType = sourcecode.swift; path = SettingsView.swift; sourceTree = "<group>"; };
		8104D5A1E6309BDA159B0EB3 /* permission-request.json */ = {isa = PBXFileReference; lastKnownFileType = text.json; path = "permission-request.json"; sourceTree = "<group>"; };
		819EA27364BBDA9626C67E72 /* claude-usage.json */ = {isa = PBXFileReference; lastKnownFileType = text.json; path = "claude-usage.json"; sourceTree = "<group>"; };
		829A953919BF21B83C220FFE /* SyntheticEventService.swift */ = {isa = PBXFileReference; lastKnownFileType = sourcecode.swift; path = SyntheticEventService.swift; sourceTree = "<group>"; };
		82CB06FA8CA96570073A5931 /* IntegrationStatus.swift */ = {isa = PBXFileReference; lastKnownFileType = sourcecode.swift; path = IntegrationStatus.swift; sourceTree = "<group>"; };
		835B2830FE9C131F60A5BE07 /* VisualQALaunchConfiguration.swift */ = {isa = PBXFileReference; lastKnownFileType = sourcecode.swift; path = VisualQALaunchConfiguration.swift; sourceTree = "<group>"; };
		849DF0FB9E1B17DB2BCCB500 /* UpdateViewModel.swift */ = {isa = PBXFileReference; lastKnownFileType = sourcecode.swift; path = UpdateViewModel.swift; sourceTree = "<group>"; };
		851C39342ADB16A9FFE21DD9 /* GlassAppearanceTests.swift */ = {isa = PBXFileReference; lastKnownFileType = sourcecode.swift; path = GlassAppearanceTests.swift; sourceTree = "<group>"; };
		87103F95A6621E2B381ACF3A /* ProviderServiceStatus.swift */ = {isa = PBXFileReference; lastKnownFileType = sourcecode.swift; path = ProviderServiceStatus.swift; sourceTree = "<group>"; };
		88115C0C25E40D80C8E83266 /* ProviderAllowance.swift */ = {isa = PBXFileReference; lastKnownFileType = sourcecode.swift; path = ProviderAllowance.swift; sourceTree = "<group>"; };
		88602F1C495DE44E18D4FCFD /* WeeklyResetDetectorTests.swift */ = {isa = PBXFileReference; lastKnownFileType = sourcecode.swift; path = WeeklyResetDetectorTests.swift; sourceTree = "<group>"; };
		8926BBF020B1EC1C5537E5C5 /* ToolCategory.swift */ = {isa = PBXFileReference; lastKnownFileType = sourcecode.swift; path = ToolCategory.swift; sourceTree = "<group>"; };
		8B3B26BB315DB673EB23BFA8 /* ProviderColorTests.swift */ = {isa = PBXFileReference; lastKnownFileType = sourcecode.swift; path = ProviderColorTests.swift; sourceTree = "<group>"; };
		8F17758F92DA69BE48F7C3EC /* CodexIntegrationManager.swift */ = {isa = PBXFileReference; lastKnownFileType = sourcecode.swift; path = CodexIntegrationManager.swift; sourceTree = "<group>"; };
		90F24B3B97EA473795F54857 /* ProviderStatusTests.swift */ = {isa = PBXFileReference; lastKnownFileType = sourcecode.swift; path = ProviderStatusTests.swift; sourceTree = "<group>"; };
		919C32C56CA9405F36015736 /* ExecutableLocatorTests.swift */ = {isa = PBXFileReference; lastKnownFileType = sourcecode.swift; path = ExecutableLocatorTests.swift; sourceTree = "<group>"; };
		978BC98579D24733CBE3FF66 /* ProcessIdentityResolver.swift */ = {isa = PBXFileReference; lastKnownFileType = sourcecode.swift; path = ProcessIdentityResolver.swift; sourceTree = "<group>"; };
		9874361D6CB0DC0D689C05A9 /* AllowancePresentationTests.swift */ = {isa = PBXFileReference; lastKnownFileType = sourcecode.swift; path = AllowancePresentationTests.swift; sourceTree = "<group>"; };
		9E9076E66E6BF081096A0783 /* SetupViewModelTests.swift */ = {isa = PBXFileReference; lastKnownFileType = sourcecode.swift; path = SetupViewModelTests.swift; sourceTree = "<group>"; };
		A0C39F4753E65D9704083133 /* AgenticGlowAppSmokeTests.swift */ = {isa = PBXFileReference; lastKnownFileType = sourcecode.swift; path = AgenticGlowAppSmokeTests.swift; sourceTree = "<group>"; };
		A0D57322B8A0ACBB63DE7E49 /* SessionSnapshot.swift */ = {isa = PBXFileReference; lastKnownFileType = sourcecode.swift; path = SessionSnapshot.swift; sourceTree = "<group>"; };
		A0EBA8B2074D34DDA9B6CF9E /* GlassAppearance.swift */ = {isa = PBXFileReference; lastKnownFileType = sourcecode.swift; path = GlassAppearance.swift; sourceTree = "<group>"; };
		A23E352B85895A8A294977FC /* AllowanceAdapter.swift */ = {isa = PBXFileReference; lastKnownFileType = sourcecode.swift; path = AllowanceAdapter.swift; sourceTree = "<group>"; };
		A327A12847C06F26401FE779 /* AgenticGlowAppTests.xctest */ = {isa = PBXFileReference; explicitFileType = wrapper.cfbundle; includeInIndex = 0; path = AgenticGlowAppTests.xctest; sourceTree = BUILT_PRODUCTS_DIR; };
		A3597CD22675B161FAB22C04 /* SessionResolver.swift */ = {isa = PBXFileReference; lastKnownFileType = sourcecode.swift; path = SessionResolver.swift; sourceTree = "<group>"; };
		A6D22C7FDD542B1FE8FA631C /* ProductMetadataTests.swift */ = {isa = PBXFileReference; lastKnownFileType = sourcecode.swift; path = ProductMetadataTests.swift; sourceTree = "<group>"; };
		A8B667D06BD88F4A105279CB /* AgenticGlowUITests.xctest */ = {isa = PBXFileReference; explicitFileType = wrapper.cfbundle; includeInIndex = 0; path = AgenticGlowUITests.xctest; sourceTree = BUILT_PRODUCTS_DIR; };
		AA26F55C271A365F0526E119 /* SessionDetailPresentationTests.swift */ = {isa = PBXFileReference; lastKnownFileType = sourcecode.swift; path = SessionDetailPresentationTests.swift; sourceTree = "<group>"; };
		AC01C9DC54834FCD2968551A /* JSONConfigEditor.swift */ = {isa = PBXFileReference; lastKnownFileType = sourcecode.swift; path = JSONConfigEditor.swift; sourceTree = "<group>"; };
		ADD207C8260418287CC0C9F4 /* WeeklyResetDetector.swift */ = {isa = PBXFileReference; lastKnownFileType = sourcecode.swift; path = WeeklyResetDetector.swift; sourceTree = "<group>"; };
		B2417216E5D617D9EDF73F87 /* UpdateCheckerTests.swift */ = {isa = PBXFileReference; lastKnownFileType = sourcecode.swift; path = UpdateCheckerTests.swift; sourceTree = "<group>"; };
		B268262F8ECC372D1C961E7D /* ProviderStatusMonitor.swift */ = {isa = PBXFileReference; lastKnownFileType = sourcecode.swift; path = ProviderStatusMonitor.swift; sourceTree = "<group>"; };
		B4EF183F02A6D2B64F64CAB2 /* AgenticGlowUITests.swift */ = {isa = PBXFileReference; lastKnownFileType = sourcecode.swift; path = AgenticGlowUITests.swift; sourceTree = "<group>"; };
		BAD0B9B8E1037AAFBDD11437 /* ClaudeIntegrationManagerTests.swift */ = {isa = PBXFileReference; lastKnownFileType = sourcecode.swift; path = ClaudeIntegrationManagerTests.swift; sourceTree = "<group>"; };
		BB63ED78E1ADC4BD9D2714AE /* ProviderVersionDetector.swift */ = {isa = PBXFileReference; lastKnownFileType = sourcecode.swift; path = ProviderVersionDetector.swift; sourceTree = "<group>"; };
		BCB240EE03BC6D945AB738F1 /* PreferencesStore.swift */ = {isa = PBXFileReference; lastKnownFileType = sourcecode.swift; path = PreferencesStore.swift; sourceTree = "<group>"; };
		BD7BD42FBB6DB455CECF203F /* AgenticGlowEventCommandTests.swift */ = {isa = PBXFileReference; lastKnownFileType = sourcecode.swift; path = AgenticGlowEventCommandTests.swift; sourceTree = "<group>"; };
		BED7279C6D36CA5895560EF5 /* Release.xcconfig */ = {isa = PBXFileReference; lastKnownFileType = text.xcconfig; path = Release.xcconfig; sourceTree = "<group>"; };
		C2F95D3AB342520D942D092C /* Debug.xcconfig */ = {isa = PBXFileReference; lastKnownFileType = text.xcconfig; path = Debug.xcconfig; sourceTree = "<group>"; };
		CA38B7480C5F630B9C7C0958 /* SessionRowMotionTests.swift */ = {isa = PBXFileReference; lastKnownFileType = sourcecode.swift; path = SessionRowMotionTests.swift; sourceTree = "<group>"; };
		CA48A33A7F83D51545B46C58 /* JSONConfigEditorTests.swift */ = {isa = PBXFileReference; lastKnownFileType = sourcecode.swift; path = JSONConfigEditorTests.swift; sourceTree = "<group>"; };
		CB215EF226A2A930E51664A7 /* AgenticGlowCore.framework */ = {isa = PBXFileReference; explicitFileType = wrapper.framework; includeInIndex = 0; path = AgenticGlowCore.framework; sourceTree = BUILT_PRODUCTS_DIR; };
		CBFF8B113BD5CCF602B1399C /* AppModelTests.swift */ = {isa = PBXFileReference; lastKnownFileType = sourcecode.swift; path = AppModelTests.swift; sourceTree = "<group>"; };
		D2938FAB242A16FFE3A8CD74 /* LiquidGlassSurface.swift */ = {isa = PBXFileReference; lastKnownFileType = sourcecode.swift; path = LiquidGlassSurface.swift; sourceTree = "<group>"; };
		D2F943F38C7970E829E11BD2 /* HelperInstallerTests.swift */ = {isa = PBXFileReference; lastKnownFileType = sourcecode.swift; path = HelperInstallerTests.swift; sourceTree = "<group>"; };
		D412365288FA361EA549F936 /* ClaudeAllowanceAdapter.swift */ = {isa = PBXFileReference; lastKnownFileType = sourcecode.swift; path = ClaudeAllowanceAdapter.swift; sourceTree = "<group>"; };
		D6BDF7E173224C36D6A55826 /* AllowanceCacheTests.swift */ = {isa = PBXFileReference; lastKnownFileType = sourcecode.swift; path = AllowanceCacheTests.swift; sourceTree = "<group>"; };
		D80032B619FD4696E5CAEFA3 /* AppDelegate.swift */ = {isa = PBXFileReference; lastKnownFileType = sourcecode.swift; path = AppDelegate.swift; sourceTree = "<group>"; };
		D982DF9638C77504896D1881 /* codex-rate-limits.json */ = {isa = PBXFileReference; lastKnownFileType = text.json; path = "codex-rate-limits.json"; sourceTree = "<group>"; };
		DA41C809073FE3BDF4A37FF8 /* AllowanceRefreshCoordinator.swift */ = {isa = PBXFileReference; lastKnownFileType = sourcecode.swift; path = AllowanceRefreshCoordinator.swift; sourceTree = "<group>"; };
		DD900C395D8ED57E743096C1 /* AllowanceRefreshCoordinatorTests.swift */ = {isa = PBXFileReference; lastKnownFileType = sourcecode.swift; path = AllowanceRefreshCoordinatorTests.swift; sourceTree = "<group>"; };
		DEFBEECE0CB8A09500C9CA31 /* ProcessIdentity.swift */ = {isa = PBXFileReference; lastKnownFileType = sourcecode.swift; path = ProcessIdentity.swift; sourceTree = "<group>"; };
		E166054D7644887FE54E382A /* SessionPhasePresentation.swift */ = {isa = PBXFileReference; lastKnownFileType = sourcecode.swift; path = SessionPhasePresentation.swift; sourceTree = "<group>"; };
		E24B0DE871F393D7648EC80E /* CodexAllowanceAdapter.swift */ = {isa = PBXFileReference; lastKnownFileType = sourcecode.swift; path = CodexAllowanceAdapter.swift; sourceTree = "<group>"; };
		E2E98FF53E88A359B5C3E345 /* user-prompt-submit.json */ = {isa = PBXFileReference; lastKnownFileType = text.json; path = "user-prompt-submit.json"; sourceTree = "<group>"; };
		E313842F848D743DD2A7F413 /* AgenticGlow.app */ = {isa = PBXFileReference; explicitFileType = wrapper.application; includeInIndex = 0; path = AgenticGlow.app; sourceTree = BUILT_PRODUCTS_DIR; };
		E432185948B90718FA57E8C5 /* PermissionDissolveTests.swift */ = {isa = PBXFileReference; lastKnownFileType = sourcecode.swift; path = PermissionDissolveTests.swift; sourceTree = "<group>"; };
		E56337F47EF2714D05823D2E /* UpdateChecker.swift */ = {isa = PBXFileReference; lastKnownFileType = sourcecode.swift; path = UpdateChecker.swift; sourceTree = "<group>"; };
		E7D5F748819AA3331177D6D4 /* DiagnosticLogger.swift */ = {isa = PBXFileReference; lastKnownFileType = sourcecode.swift; path = DiagnosticLogger.swift; sourceTree = "<group>"; };
		E9D6527B9D899D9AE37E6513 /* AgenticGlowEventCommand.swift */ = {isa = PBXFileReference; lastKnownFileType = sourcecode.swift; path = AgenticGlowEventCommand.swift; sourceTree = "<group>"; };
		EF55C0928A839C5F09DD4F50 /* StatusPresentationTests.swift */ = {isa = PBXFileReference; lastKnownFileType = sourcecode.swift; path = StatusPresentationTests.swift; sourceTree = "<group>"; };
		EF901100AB66864CABD16C7E /* CodexAllowanceAdapterTests.swift */ = {isa = PBXFileReference; lastKnownFileType = sourcecode.swift; path = CodexAllowanceAdapterTests.swift; sourceTree = "<group>"; };
		F102D015A8E47912D9FE45D7 /* DurationTierTests.swift */ = {isa = PBXFileReference; lastKnownFileType = sourcecode.swift; path = DurationTierTests.swift; sourceTree = "<group>"; };
		F53617C3A4D3E6EE091A7876 /* ClaudeIntegrationManager.swift */ = {isa = PBXFileReference; lastKnownFileType = sourcecode.swift; path = ClaudeIntegrationManager.swift; sourceTree = "<group>"; };
		F8C4643D677D9B3F0C54905B /* UsageConsentView.swift */ = {isa = PBXFileReference; lastKnownFileType = sourcecode.swift; path = UsageConsentView.swift; sourceTree = "<group>"; };
		FA144C14771532CB8B2C2951 /* AllowanceWarning.swift */ = {isa = PBXFileReference; lastKnownFileType = sourcecode.swift; path = AllowanceWarning.swift; sourceTree = "<group>"; };
		FB8326E3F86255928C7AEFDA /* NotificationPolicy.swift */ = {isa = PBXFileReference; lastKnownFileType = sourcecode.swift; path = NotificationPolicy.swift; sourceTree = "<group>"; };
		FD71F7060C2532BA0590C9AE /* Assets.xcassets */ = {isa = PBXFileReference; lastKnownFileType = folder.assetcatalog; path = Assets.xcassets; sourceTree = "<group>"; };
		FE2FBF576C59C9FADAEDD071 /* HelperInstaller.swift */ = {isa = PBXFileReference; lastKnownFileType = sourcecode.swift; path = HelperInstaller.swift; sourceTree = "<group>"; };
/* End PBXFileReference section */

/* Begin PBXFrameworksBuildPhase section */
		58F8D1B4CA486B270B1AB273 /* Frameworks */ = {
			isa = PBXFrameworksBuildPhase;
			buildActionMask = 2147483647;
			files = (
				DCFB1626E45373461875416C /* AgenticGlowCore.framework in Frameworks */,
			);
			runOnlyForDeploymentPostprocessing = 0;
		};
		76EB5DB4A75442EB8485F2D0 /* Frameworks */ = {
			isa = PBXFrameworksBuildPhase;
			buildActionMask = 2147483647;
			files = (
				1BF7C5E67DF40811BADA4C16 /* AgenticGlowCore.framework in Frameworks */,
			);
			runOnlyForDeploymentPostprocessing = 0;
		};
		AD78828030B9F288A6BBD276 /* Frameworks */ = {
			isa = PBXFrameworksBuildPhase;
			buildActionMask = 2147483647;
			files = (
				0D626A999A92570603B3B9BF /* AgenticGlowCore.framework in Frameworks */,
			);
			runOnlyForDeploymentPostprocessing = 0;
		};
		B6CDBE77C9B57FC33357F386 /* Frameworks */ = {
			isa = PBXFrameworksBuildPhase;
			buildActionMask = 2147483647;
			files = (
				A721D354D59679998714572C /* AgenticGlowCore.framework in Frameworks */,
			);
			runOnlyForDeploymentPostprocessing = 0;
		};
		CA8D5EDF132C913D142AD729 /* Frameworks */ = {
			isa = PBXFrameworksBuildPhase;
			buildActionMask = 2147483647;
			files = (
				1CFC2FEB95B85CA26F2769EC /* AgenticGlowCore.framework in Frameworks */,
			);
			runOnlyForDeploymentPostprocessing = 0;
		};
/* End PBXFrameworksBuildPhase section */

/* Begin PBXGroup section */
		0E378D0ED91BD4EB03BD552A /* allowance */ = {
			isa = PBXGroup;
			children = (
				819EA27364BBDA9626C67E72 /* claude-usage.json */,
				D982DF9638C77504896D1881 /* codex-rate-limits.json */,
			);
			path = allowance;
			sourceTree = "<group>";
		};
		1834A1494469BBBA5116DFD4 /* Fixtures */ = {
			isa = PBXGroup;
			children = (
				0E378D0ED91BD4EB03BD552A /* allowance */,
				FBBB8BEF9D957001D1248FD7 /* claude */,
				DFA8CD8A2670420684FE133C /* codex */,
			);
			path = Fixtures;
			sourceTree = "<group>";
		};
		21F0727A40A6DEAA4F7C0F4D /* Sources */ = {
			isa = PBXGroup;
			children = (
				4F3B9B1C9FF9A0017ABE1152 /* AgenticGlowApp */,
				6F847A57946B6B20585310F4 /* AgenticGlowCore */,
				31B5B57AFB1F299DE713A496 /* AgenticGlowEvent */,
			);
			path = Sources;
			sourceTree = "<group>";
		};
		244F40C03ED3F5054BE6C8AD /* Notifications */ = {
			isa = PBXGroup;
			children = (
				FB8326E3F86255928C7AEFDA /* NotificationPolicy.swift */,
			);
			path = Notifications;
			sourceTree = "<group>";
		};
		29E56E289CEDB02469991604 /* Settings */ = {
			isa = PBXGroup;
			children = (
				20DBE0D16A4A34E5D2656C82 /* ClaudeSessionCredentialStore.swift */,
				BCB240EE03BC6D945AB738F1 /* PreferencesStore.swift */,
				7F88D47C441E780F8ADA4880 /* SettingsView.swift */,
				849DF0FB9E1B17DB2BCCB500 /* UpdateViewModel.swift */,
			);
			path = Settings;
			sourceTree = "<group>";
		};
		31B5B57AFB1F299DE713A496 /* AgenticGlowEvent */ = {
			isa = PBXGroup;
			children = (
				55191268A04D7DA3945A36B4 /* main.swift */,
			);
			path = AgenticGlowEvent;
			sourceTree = "<group>";
		};
		36C368C2EFE20F5D1DFC9093 /* Products */ = {
			isa = PBXGroup;
			children = (
				E313842F848D743DD2A7F413 /* AgenticGlow.app */,
				A327A12847C06F26401FE779 /* AgenticGlowAppTests.xctest */,
				CB215EF226A2A930E51664A7 /* AgenticGlowCore.framework */,
				754C4DC98D278BCC32FCAF9A /* AgenticGlowCoreTests.xctest */,
				0BA5EC4E6D06504DF5A657C9 /* AgenticGlowEvent */,
				18B38C3F07561451BED08073 /* AgenticGlowEventTests.xctest */,
				A8B667D06BD88F4A105279CB /* AgenticGlowUITests.xctest */,
			);
			name = Products;
			sourceTree = "<group>";
		};
		3B8DE694BC8F0E7D6711F234 /* Setup */ = {
			isa = PBXGroup;
			children = (
				2C79BC8D0FB4DCC545F214B9 /* SetupView.swift */,
				30AD5E52FB58312BF6DF93A2 /* SetupViewModel.swift */,
			);
			path = Setup;
			sourceTree = "<group>";
		};
		4F3B9B1C9FF9A0017ABE1152 /* AgenticGlowApp */ = {
			isa = PBXGroup;
			children = (
				2C88672709FBBE9C229FB665 /* AgenticGlowApp.swift */,
				D80032B619FD4696E5CAEFA3 /* AppDelegate.swift */,
				0CB928AEE9B3D0C394AA900B /* AppModel.swift */,
				FD418D84EBDBEB23CB0C5AA4 /* MenuBar */,
				E5714EE878B80AB8D522A1E0 /* Resources */,
				E0F35FBC295CCE702C1A91FC /* Services */,
				29E56E289CEDB02469991604 /* Settings */,
				3B8DE694BC8F0E7D6711F234 /* Setup */,
				8C984851F9AF4534BB979FA5 /* UITesting */,
			);
			path = AgenticGlowApp;
			sourceTree = "<group>";
		};
		558EE9A8397A70957B5B7802 /* Helper */ = {
			isa = PBXGroup;
			children = (
				E9D6527B9D899D9AE37E6513 /* AgenticGlowEventCommand.swift */,
			);
			path = Helper;
			sourceTree = "<group>";
		};
		5AF1C5C7D5E01D63BD74F1F1 /* AgenticGlowAppTests */ = {
			isa = PBXGroup;
			children = (
				A0C39F4753E65D9704083133 /* AgenticGlowAppSmokeTests.swift */,
				79811F68ECBDF2BBF892A744 /* AgentNotificationServiceTests.swift */,
				9874361D6CB0DC0D689C05A9 /* AllowancePresentationTests.swift */,
				CBFF8B113BD5CCF602B1399C /* AppModelTests.swift */,
				2C6DEB49672FFC3761738A19 /* ClaudeSessionCredentialStoreTests.swift */,
				F102D015A8E47912D9FE45D7 /* DurationTierTests.swift */,
				851C39342ADB16A9FFE21DD9 /* GlassAppearanceTests.swift */,
				E432185948B90718FA57E8C5 /* PermissionDissolveTests.swift */,
				04E752BA418FA3E0A5A56086 /* PreferencesStoreTests.swift */,
				8B3B26BB315DB673EB23BFA8 /* ProviderColorTests.swift */,
				AA26F55C271A365F0526E119 /* SessionDetailPresentationTests.swift */,
				277C6FD377543507F858A73F /* SessionPhasePresentationTests.swift */,
				CA38B7480C5F630B9C7C0958 /* SessionRowMotionTests.swift */,
				9E9076E66E6BF081096A0783 /* SetupViewModelTests.swift */,
				EF55C0928A839C5F09DD4F50 /* StatusPresentationTests.swift */,
				54119471A3DD335693B286FE /* VisualQALaunchConfigurationTests.swift */,
			);
			path = AgenticGlowAppTests;
			sourceTree = "<group>";
		};
		5C577E72C56D6BDB939C4C73 /* Product */ = {
			isa = PBXGroup;
			children = (
				705977BC1D4D77B2475CECD6 /* ProductMetadata.swift */,
			);
			path = Product;
			sourceTree = "<group>";
		};
		5F3E8B40A60C05276E5A9DA0 /* TestSupport */ = {
			isa = PBXGroup;
			children = (
				216B6EA781EC14324868BEB0 /* TestSupport.swift */,
			);
			path = TestSupport;
			sourceTree = "<group>";
		};
		6F847A57946B6B20585310F4 /* AgenticGlowCore */ = {
			isa = PBXGroup;
			children = (
				99448DDFCEB88A5A9C6177FB /* Allowance */,
				A9AE4778B633E5749EFAB3BD /* Events */,
				558EE9A8397A70957B5B7802 /* Helper */,
				E545A37F27C1EA46253386E9 /* Integrations */,
				D62142F6F0A3DB29C07E6912 /* Logging */,
				244F40C03ED3F5054BE6C8AD /* Notifications */,
				78053C5F46996B52B1C39D29 /* Processes */,
				5C577E72C56D6BDB939C4C73 /* Product */,
				B48068002357256CC88EAF91 /* State */,
				9115D739305EA7A9EFA59772 /* Status */,
				E3E93B39932D0C6FE68FDE7B /* Updates */,
			);
			path = AgenticGlowCore;
			sourceTree = "<group>";
		};
		7201A41F2B33D74E78790F88 = {
			isa = PBXGroup;
			children = (
				C35A74BE230A23EDC65E3B7A /* Config */,
				21F0727A40A6DEAA4F7C0F4D /* Sources */,
				79731FAD3C514A457E036E05 /* Tests */,
				36C368C2EFE20F5D1DFC9093 /* Products */,
			);
			sourceTree = "<group>";
		};
		759B6600F96D022424DABAD1 /* AgenticGlowUITests */ = {
			isa = PBXGroup;
			children = (
				5AFB630BA9BD83DF76A64083 /* AgenticGlowLaunchTests.swift */,
				B4EF183F02A6D2B64F64CAB2 /* AgenticGlowUITests.swift */,
			);
			path = AgenticGlowUITests;
			sourceTree = "<group>";
		};
		78053C5F46996B52B1C39D29 /* Processes */ = {
			isa = PBXGroup;
			children = (
				DEFBEECE0CB8A09500C9CA31 /* ProcessIdentity.swift */,
				978BC98579D24733CBE3FF66 /* ProcessIdentityResolver.swift */,
				1ACCD7381A4853B8E111A773 /* ProcessInspector.swift */,
				493FB20BB6159F16A52EFBAB /* SourceApplicationActivator.swift */,
			);
			path = Processes;
			sourceTree = "<group>";
		};
		79731FAD3C514A457E036E05 /* Tests */ = {
			isa = PBXGroup;
			children = (
				5AF1C5C7D5E01D63BD74F1F1 /* AgenticGlowAppTests */,
				DAFA047BB6BB11E3B0CECD6B /* AgenticGlowCoreTests */,
				F4452B2C95D161A64BEF9489 /* AgenticGlowEventTests */,
				759B6600F96D022424DABAD1 /* AgenticGlowUITests */,
				1834A1494469BBBA5116DFD4 /* Fixtures */,
				5F3E8B40A60C05276E5A9DA0 /* TestSupport */,
			);
			path = Tests;
			sourceTree = "<group>";
		};
		8C984851F9AF4534BB979FA5 /* UITesting */ = {
			isa = PBXGroup;
			children = (
				0763AF5FB0C0D3034BE5AB2D /* UITestSessionStore.swift */,
				835B2830FE9C131F60A5BE07 /* VisualQALaunchConfiguration.swift */,
			);
			path = UITesting;
			sourceTree = "<group>";
		};
		9115D739305EA7A9EFA59772 /* Status */ = {
			isa = PBXGroup;
			children = (
				87103F95A6621E2B381ACF3A /* ProviderServiceStatus.swift */,
				B268262F8ECC372D1C961E7D /* ProviderStatusMonitor.swift */,
				6A8F459B78AB124077AC7CAB /* StatusPageClient.swift */,
			);
			path = Status;
			sourceTree = "<group>";
		};
		99448DDFCEB88A5A9C6177FB /* Allowance */ = {
			isa = PBXGroup;
			children = (
				A23E352B85895A8A294977FC /* AllowanceAdapter.swift */,
				DA41C809073FE3BDF4A37FF8 /* AllowanceRefreshCoordinator.swift */,
				FA144C14771532CB8B2C2951 /* AllowanceWarning.swift */,
				D412365288FA361EA549F936 /* ClaudeAllowanceAdapter.swift */,
				E24B0DE871F393D7648EC80E /* CodexAllowanceAdapter.swift */,
				4F07314CD38F8EEFA2416A15 /* CodexAllowanceNormalizer.swift */,
				736D2DD8BF21DAED5154C1F1 /* FileAllowanceCache.swift */,
				88115C0C25E40D80C8E83266 /* ProviderAllowance.swift */,
				ADD207C8260418287CC0C9F4 /* WeeklyResetDetector.swift */,
			);
			path = Allowance;
			sourceTree = "<group>";
		};
		A9AE4778B633E5749EFAB3BD /* Events */ = {
			isa = PBXGroup;
			children = (
				543709F2AB86176074499CBB /* AgentProvider.swift */,
				0DBC5398CA02E6A4C00D7A2B /* HookEventKind.swift */,
				7E9B2E99889D9DD3C4DA034D /* HookNormalizer.swift */,
				281DE424930B0B861F4C4B20 /* NormalizedEvent.swift */,
				8926BBF020B1EC1C5537E5C5 /* ToolCategory.swift */,
			);
			path = Events;
			sourceTree = "<group>";
		};
		B48068002357256CC88EAF91 /* State */ = {
			isa = PBXGroup;
			children = (
				7AB2F40E369FB0BBDFF5C36B /* SessionKey.swift */,
				A3597CD22675B161FAB22C04 /* SessionResolver.swift */,
				A0D57322B8A0ACBB63DE7E49 /* SessionSnapshot.swift */,
				5431A7C2F1A4EF086D142B05 /* SessionStateStore.swift */,
			);
			path = State;
			sourceTree = "<group>";
		};
		C35A74BE230A23EDC65E3B7A /* Config */ = {
			isa = PBXGroup;
			children = (
				C2F95D3AB342520D942D092C /* Debug.xcconfig */,
				BED7279C6D36CA5895560EF5 /* Release.xcconfig */,
			);
			path = Config;
			sourceTree = "<group>";
		};
		D62142F6F0A3DB29C07E6912 /* Logging */ = {
			isa = PBXGroup;
			children = (
				E7D5F748819AA3331177D6D4 /* DiagnosticLogger.swift */,
			);
			path = Logging;
			sourceTree = "<group>";
		};
		DAFA047BB6BB11E3B0CECD6B /* AgenticGlowCoreTests */ = {
			isa = PBXGroup;
			children = (
				D6BDF7E173224C36D6A55826 /* AllowanceCacheTests.swift */,
				7E61DC8E63495DA7CEF5A4D7 /* AllowanceModelTests.swift */,
				40989AAEDDF1F4D72714B980 /* AllowancePolicyTests.swift */,
				DD900C395D8ED57E743096C1 /* AllowanceRefreshCoordinatorTests.swift */,
				4B56038D5B652E55EA69B648 /* AllowanceWarningTests.swift */,
				31BF7055F3651BD7573A69A2 /* ClaudeAllowanceAdapterTests.swift */,
				BAD0B9B8E1037AAFBDD11437 /* ClaudeIntegrationManagerTests.swift */,
				EF901100AB66864CABD16C7E /* CodexAllowanceAdapterTests.swift */,
				5EEBCA97BDCCEF19F99C91BA /* CodexIntegrationManagerTests.swift */,
				1F16F21073C05BCF4BE52185 /* DiagnosticLoggerTests.swift */,
				919C32C56CA9405F36015736 /* ExecutableLocatorTests.swift */,
				D2F943F38C7970E829E11BD2 /* HelperInstallerTests.swift */,
				6DC217C0449B7AA3CFA3A1C0 /* HookNormalizerTests.swift */,
				CA48A33A7F83D51545B46C58 /* JSONConfigEditorTests.swift */,
				18E366BBA73A954436275513 /* NormalizedEventTests.swift */,
				7B7F2C014792E7943EFDD7EA /* NotificationPolicyTests.swift */,
				1B41BB5ACD7A89E1DC0660B9 /* ProcessIdentityResolverTests.swift */,
				A6D22C7FDD542B1FE8FA631C /* ProductMetadataTests.swift */,
				90F24B3B97EA473795F54857 /* ProviderStatusTests.swift */,
				47C885E0A83B25089A0F91FD /* SessionPhaseTests.swift */,
				523377D885E7D16EDB5BD471 /* SessionResolverTests.swift */,
				6DF9B30242B649B5C6291047 /* SessionStateStoreTests.swift */,
				B2417216E5D617D9EDF73F87 /* UpdateCheckerTests.swift */,
				88602F1C495DE44E18D4FCFD /* WeeklyResetDetectorTests.swift */,
			);
			path = AgenticGlowCoreTests;
			sourceTree = "<group>";
		};
		DFA8CD8A2670420684FE133C /* codex */ = {
			isa = PBXGroup;
			children = (
				45A57C3729989A4F98DAEE89 /* pre-tool-use.json */,
				49964EE335B3F42FA70E989A /* stop.json */,
			);
			path = codex;
			sourceTree = "<group>";
		};
		E0F35FBC295CCE702C1A91FC /* Services */ = {
			isa = PBXGroup;
			children = (
				6AB433A432EB0C0F299DD3A5 /* AgentNotificationService.swift */,
				404BC3AEDF8446564803A481 /* LaunchAtLoginService.swift */,
				829A953919BF21B83C220FFE /* SyntheticEventService.swift */,
			);
			path = Services;
			sourceTree = "<group>";
		};
		E3E93B39932D0C6FE68FDE7B /* Updates */ = {
			isa = PBXGroup;
			children = (
				E56337F47EF2714D05823D2E /* UpdateChecker.swift */,
			);
			path = Updates;
			sourceTree = "<group>";
		};
		E545A37F27C1EA46253386E9 /* Integrations */ = {
			isa = PBXGroup;
			children = (
				F53617C3A4D3E6EE091A7876 /* ClaudeIntegrationManager.swift */,
				8F17758F92DA69BE48F7C3EC /* CodexIntegrationManager.swift */,
				21ED6440DC5F8BE0F0346AA2 /* ExecutableLocator.swift */,
				FE2FBF576C59C9FADAEDD071 /* HelperInstaller.swift */,
				3EAF9E00C138C15B698C03B4 /* HookDefinitionFactory.swift */,
				82CB06FA8CA96570073A5931 /* IntegrationStatus.swift */,
				AC01C9DC54834FCD2968551A /* JSONConfigEditor.swift */,
				BB63ED78E1ADC4BD9D2714AE /* ProviderVersionDetector.swift */,
			);
			path = Integrations;
			sourceTree = "<group>";
		};
		E5714EE878B80AB8D522A1E0 /* Resources */ = {
			isa = PBXGroup;
			children = (
				FD71F7060C2532BA0590C9AE /* Assets.xcassets */,
			);
			path = Resources;
			sourceTree = "<group>";
		};
		F4452B2C95D161A64BEF9489 /* AgenticGlowEventTests */ = {
			isa = PBXGroup;
			children = (
				BD7BD42FBB6DB455CECF203F /* AgenticGlowEventCommandTests.swift */,
				0D36E4568D4C0C232DAC4F1B /* AgenticGlowEventSmokeTests.swift */,
			);
			path = AgenticGlowEventTests;
			sourceTree = "<group>";
		};
		FBBB8BEF9D957001D1248FD7 /* claude */ = {
			isa = PBXGroup;
			children = (
				8104D5A1E6309BDA159B0EB3 /* permission-request.json */,
				E2E98FF53E88A359B5C3E345 /* user-prompt-submit.json */,
			);
			path = claude;
			sourceTree = "<group>";
		};
		FD418D84EBDBEB23CB0C5AA4 /* MenuBar */ = {
			isa = PBXGroup;
			children = (
				7C53F572E885A59200578B68 /* AllowancePresentation.swift */,
				4346FBB5245525ECAF9552A9 /* AllowanceSectionView.swift */,
				35BF86D059F0F86D06790999 /* DurationTier.swift */,
				A0EBA8B2074D34DDA9B6CF9E /* GlassAppearance.swift */,
				D2938FAB242A16FFE3A8CD74 /* LiquidGlassSurface.swift */,
				557D9CED5CA359548180E2E6 /* PermissionDissolve.swift */,
				1A2FBC7471D1A39500680CA0 /* ProviderColor.swift */,
				21D5A6C4DA30D09587E099ED /* SessionDetailPresentation.swift */,
				166738A4E3CA52BF6BAA156A /* SessionListView.swift */,
				E166054D7644887FE54E382A /* SessionPhasePresentation.swift */,
				6C2AFD5F4C0C23570447FC6B /* SessionRowMotion.swift */,
				4F50AE41D54AF0BBEA05DD1D /* SessionRowView.swift */,
				57FAAB171A3AF6CA945DE557 /* StatusItemController.swift */,
				4135907A526D059ECAB4872C /* StatusPresentation.swift */,
				F8C4643D677D9B3F0C54905B /* UsageConsentView.swift */,
			);
			path = MenuBar;
			sourceTree = "<group>";
		};
/* End PBXGroup section */

/* Begin PBXNativeTarget section */
		0051B037A762B63699E54A23 /* AgenticGlowCore */ = {
			isa = PBXNativeTarget;
			buildConfigurationList = B8BE469430BEE03B6448D4AA /* Build configuration list for PBXNativeTarget "AgenticGlowCore" */;
			buildPhases = (
				EFC4D29DA877A4EEA12F5BAB /* Sources */,
			);
			buildRules = (
			);
			dependencies = (
			);
			name = AgenticGlowCore;
			packageProductDependencies = (
			);
			productName = AgenticGlowCore;
			productReference = CB215EF226A2A930E51664A7 /* AgenticGlowCore.framework */;
			productType = "com.apple.product-type.framework";
		};
		34A7A5A7E96CE1F2D6FAF827 /* AgenticGlowEvent */ = {
			isa = PBXNativeTarget;
			buildConfigurationList = D1202BDF8B6CC612E6AE3D25 /* Build configuration list for PBXNativeTarget "AgenticGlowEvent" */;
			buildPhases = (
				AB4F2E39A698E3DD0E8A0E57 /* Sources */,
				58F8D1B4CA486B270B1AB273 /* Frameworks */,
			);
			buildRules = (
			);
			dependencies = (
				94E4E82EB03C68AA025A1C34 /* PBXTargetDependency */,
			);
			name = AgenticGlowEvent;
			packageProductDependencies = (
			);
			productName = AgenticGlowEvent;
			productReference = 0BA5EC4E6D06504DF5A657C9 /* AgenticGlowEvent */;
			productType = "com.apple.product-type.tool";
		};
		482C4407D3C584FD88B050CF /* AgenticGlowUITests */ = {
			isa = PBXNativeTarget;
			buildConfigurationList = 53E8B42D17B54B8F38ED9661 /* Build configuration list for PBXNativeTarget "AgenticGlowUITests" */;
			buildPhases = (
				5B4C0681D53DFF667420A9EC /* Sources */,
			);
			buildRules = (
			);
			dependencies = (
				42C4AA9D1463D49F9D03A022 /* PBXTargetDependency */,
			);
			name = AgenticGlowUITests;
			packageProductDependencies = (
			);
			productName = AgenticGlowUITests;
			productReference = A8B667D06BD88F4A105279CB /* AgenticGlowUITests.xctest */;
			productType = "com.apple.product-type.bundle.ui-testing";
		};
		D10853DB70ADAAD0E710A710 /* AgenticGlowEventTests */ = {
			isa = PBXNativeTarget;
			buildConfigurationList = 71E72CB5EC2CDCA8DD052BC0 /* Build configuration list for PBXNativeTarget "AgenticGlowEventTests" */;
			buildPhases = (
				FFCDA4649CE4D1E00C8D9E75 /* Sources */,
				56C3E1F1139D9F960CFA38CD /* Resources */,
				AD78828030B9F288A6BBD276 /* Frameworks */,
			);
			buildRules = (
			);
			dependencies = (
				FDE0A8B1FFDA1DFA7CF5C20F /* PBXTargetDependency */,
			);
			name = AgenticGlowEventTests;
			packageProductDependencies = (
			);
			productName = AgenticGlowEventTests;
			productReference = 18B38C3F07561451BED08073 /* AgenticGlowEventTests.xctest */;
			productType = "com.apple.product-type.bundle.unit-test";
		};
		E2D99C5FCA5EA16B2777B0C1 /* AgenticGlow */ = {
			isa = PBXNativeTarget;
			buildConfigurationList = C43F66F9F3C6F4D2D2796EA2 /* Build configuration list for PBXNativeTarget "AgenticGlow" */;
			buildPhases = (
				3ABC09F242F9A09B0D711057 /* Sources */,
				37353B46070EDA57C792FC35 /* Resources */,
				B6CDBE77C9B57FC33357F386 /* Frameworks */,
				A2D175711CD09DAAA5B1994E /* Embed AgenticGlow event helper */,
			);
			buildRules = (
			);
			dependencies = (
				41E486080A1CDB51AB4DC6F9 /* PBXTargetDependency */,
				551673181F5F6AAAC79411CC /* PBXTargetDependency */,
			);
			name = AgenticGlow;
			packageProductDependencies = (
			);
			productName = AgenticGlow;
			productReference = E313842F848D743DD2A7F413 /* AgenticGlow.app */;
			productType = "com.apple.product-type.application";
		};
		E576873FC98D763040A9B482 /* AgenticGlowCoreTests */ = {
			isa = PBXNativeTarget;
			buildConfigurationList = 10E23535114F4BC6DCE9558D /* Build configuration list for PBXNativeTarget "AgenticGlowCoreTests" */;
			buildPhases = (
				6EC8970C19CB8C3F7BB329B1 /* Sources */,
				097D3B3D4FB5F9359E1F18F4 /* Resources */,
				76EB5DB4A75442EB8485F2D0 /* Frameworks */,
			);
			buildRules = (
			);
			dependencies = (
				ED6D91FB4957BD17A12113A0 /* PBXTargetDependency */,
			);
			name = AgenticGlowCoreTests;
			packageProductDependencies = (
			);
			productName = AgenticGlowCoreTests;
			productReference = 754C4DC98D278BCC32FCAF9A /* AgenticGlowCoreTests.xctest */;
			productType = "com.apple.product-type.bundle.unit-test";
		};
		F256BCC90A88C98B94290197 /* AgenticGlowAppTests */ = {
			isa = PBXNativeTarget;
			buildConfigurationList = BD438BA5C61C04DAD98A2AEC /* Build configuration list for PBXNativeTarget "AgenticGlowAppTests" */;
			buildPhases = (
				366E9653C9524B3F91E6B131 /* Sources */,
				CA8D5EDF132C913D142AD729 /* Frameworks */,
			);
			buildRules = (
			);
			dependencies = (
				F457B7006782C2647BB8F425 /* PBXTargetDependency */,
				44CA694CC31466DEF24DAA5A /* PBXTargetDependency */,
			);
			name = AgenticGlowAppTests;
			packageProductDependencies = (
			);
			productName = AgenticGlowAppTests;
			productReference = A327A12847C06F26401FE779 /* AgenticGlowAppTests.xctest */;
			productType = "com.apple.product-type.bundle.unit-test";
		};
/* End PBXNativeTarget section */

/* Begin PBXProject section */
		D9897CC5BFCC8F2D7D68CFD5 /* Project object */ = {
			isa = PBXProject;
			attributes = {
				BuildIndependentTargetsInParallel = YES;
				LastUpgradeCheck = 1430;
				TargetAttributes = {
					482C4407D3C584FD88B050CF = {
						TestTargetID = E2D99C5FCA5EA16B2777B0C1;
					};
				};
			};
			buildConfigurationList = 6FAA2847232857E3B141E31C /* Build configuration list for PBXProject "AgenticGlow" */;
			developmentRegion = en;
			hasScannedForEncodings = 0;
			knownRegions = (
				Base,
				en,
			);
			mainGroup = 7201A41F2B33D74E78790F88;
			minimizedProjectReferenceProxies = 1;
			preferredProjectObjectVersion = 77;
			productRefGroup = 36C368C2EFE20F5D1DFC9093 /* Products */;
			projectDirPath = "";
			projectRoot = "";
			targets = (
				E2D99C5FCA5EA16B2777B0C1 /* AgenticGlow */,
				F256BCC90A88C98B94290197 /* AgenticGlowAppTests */,
				0051B037A762B63699E54A23 /* AgenticGlowCore */,
				E576873FC98D763040A9B482 /* AgenticGlowCoreTests */,
				34A7A5A7E96CE1F2D6FAF827 /* AgenticGlowEvent */,
				D10853DB70ADAAD0E710A710 /* AgenticGlowEventTests */,
				482C4407D3C584FD88B050CF /* AgenticGlowUITests */,
			);
		};
/* End PBXProject section */

/* Begin PBXResourcesBuildPhase section */
		097D3B3D4FB5F9359E1F18F4 /* Resources */ = {
			isa = PBXResourcesBuildPhase;
			buildActionMask = 2147483647;
			files = (
				20B08F0A0BD5F1EAC2664D5B /* claude-usage.json in Resources */,
				183007BC3251A92C84814A88 /* codex-rate-limits.json in Resources */,
				3AEB2F2987802D3F7A0CE8E8 /* permission-request.json in Resources */,
				5E19FA68F706AA0263E045EC /* pre-tool-use.json in Resources */,
				4640DBCDCB2B0C5695CE67DC /* stop.json in Resources */,
				9D4145D344BA9CED64470B3E /* user-prompt-submit.json in Resources */,
			);
			runOnlyForDeploymentPostprocessing = 0;
		};
		37353B46070EDA57C792FC35 /* Resources */ = {
			isa = PBXResourcesBuildPhase;
			buildActionMask = 2147483647;
			files = (
				C7C9B31CE60FA321C870674B /* Assets.xcassets in Resources */,
			);
			runOnlyForDeploymentPostprocessing = 0;
		};
		56C3E1F1139D9F960CFA38CD /* Resources */ = {
			isa = PBXResourcesBuildPhase;
			buildActionMask = 2147483647;
			files = (
				3855935237CE37C7763FCB16 /* claude-usage.json in Resources */,
				DF476C49C3C5DC852C786720 /* codex-rate-limits.json in Resources */,
				3534BB8D6CF80DA4F68BD30C /* permission-request.json in Resources */,
				1ECE8999E8900F3E024601D0 /* pre-tool-use.json in Resources */,
				C55B3CBE83F8B46D216AB393 /* stop.json in Resources */,
				632CCFF5BAF2E0060D5752CE /* user-prompt-submit.json in Resources */,
			);
			runOnlyForDeploymentPostprocessing = 0;
		};
/* End PBXResourcesBuildPhase section */

/* Begin PBXShellScriptBuildPhase section */
		A2D175711CD09DAAA5B1994E /* Embed AgenticGlow event helper */ = {
			isa = PBXShellScriptBuildPhase;
			alwaysOutOfDate = 1;
			buildActionMask = 2147483647;
			files = (
			);
			inputFileListPaths = (
			);
			inputPaths = (
			);
			name = "Embed AgenticGlow event helper";
			outputFileListPaths = (
			);
			outputPaths = (
			);
			runOnlyForDeploymentPostprocessing = 0;
			shellPath = /bin/sh;
			shellScript = "set -euo pipefail\ndestination=\"$TARGET_BUILD_DIR/$UNLOCALIZED_RESOURCES_FOLDER_PATH/bin\"\nmkdir -p \"$destination\"\ncp \"$BUILT_PRODUCTS_DIR/agenticglow-event\" \"$destination/agenticglow-event\"\nchmod 755 \"$destination/agenticglow-event\"\n";
		};
/* End PBXShellScriptBuildPhase section */

/* Begin PBXSourcesBuildPhase section */
		366E9653C9524B3F91E6B131 /* Sources */ = {
			isa = PBXSourcesBuildPhase;
			buildActionMask = 2147483647;
			files = (
				8487ADE0BFCDF1F9DB6AD41A /* AgentNotificationServiceTests.swift in Sources */,
				3C25322E93C645BEC611F7BF /* AgenticGlowAppSmokeTests.swift in Sources */,
				8D1A60CC7519895E25122BA9 /* AllowancePresentationTests.swift in Sources */,
				09F035F92222190CA45A5054 /* AppModelTests.swift in Sources */,
				95A3E1310B605C0FDBF54F90 /* ClaudeSessionCredentialStoreTests.swift in Sources */,
				F4858FB86BC4D88FC861EB1E /* DurationTierTests.swift in Sources */,
				61DCCAAD6704FB2D0FB65C12 /* GlassAppearanceTests.swift in Sources */,
				9452EFB6B8C8FDFD7E2EA8D3 /* PermissionDissolveTests.swift in Sources */,
				DE08088A9510936ECA46CC1E /* PreferencesStoreTests.swift in Sources */,
				D14724EBA140B84547F37332 /* ProviderColorTests.swift in Sources */,
				6616C3FFD291701C74E0A630 /* SessionDetailPresentationTests.swift in Sources */,
				95A062817F9FA41B91174EB3 /* SessionPhasePresentationTests.swift in Sources */,
				E8ED38702C494E1FA87C60A5 /* SessionRowMotionTests.swift in Sources */,
				B17BDD406240127E4F78FA04 /* SetupViewModelTests.swift in Sources */,
				696D7565CE4E9845DE9823CD /* StatusPresentationTests.swift in Sources */,
				560F13E337C8692F0D32C9DB /* TestSupport.swift in Sources */,
				AA8C813E70867C45A07090A1 /* VisualQALaunchConfigurationTests.swift in Sources */,
			);
			runOnlyForDeploymentPostprocessing = 0;
		};
		3ABC09F242F9A09B0D711057 /* Sources */ = {
			isa = PBXSourcesBuildPhase;
			buildActionMask = 2147483647;
			files = (
				EC2725DF791446518791A248 /* AgentNotificationService.swift in Sources */,
				18320558595D293EA74457AC /* AgenticGlowApp.swift in Sources */,
				46C4C20B8B0572CD3E302C8E /* AllowancePresentation.swift in Sources */,
				9FE924B809BB0C999F448CE8 /* AllowanceSectionView.swift in Sources */,
				D8D4457FF742F561DB4F36F4 /* AppDelegate.swift in Sources */,
				F286223DEB57DC70F9E27A0F /* AppModel.swift in Sources */,
				48FDAFD5AACEF35C9AC6D839 /* ClaudeSessionCredentialStore.swift in Sources */,
				26EBF3A30504F2DF099CA197 /* DurationTier.swift in Sources */,
				5849F73C1F73685AB1F96B5D /* GlassAppearance.swift in Sources */,
				66C47EDDEC29C3371EE1EE33 /* LaunchAtLoginService.swift in Sources */,
				4DDA0BA62FB1B7928256ACB6 /* LiquidGlassSurface.swift in Sources */,
				0CC7246F3B040EE412395FC7 /* PermissionDissolve.swift in Sources */,
				0DF282F51837E86223918BA8 /* PreferencesStore.swift in Sources */,
				AC2654EEB91547E6F1FD5350 /* ProviderColor.swift in Sources */,
				AD7F046DF4BEE3D380E5D412 /* SessionDetailPresentation.swift in Sources */,
				6D3752451B73567DAE129C70 /* SessionListView.swift in Sources */,
				987ECE9250D8C10BA64B21CE /* SessionPhasePresentation.swift in Sources */,
				05DF2A861D31D04DA1C5F017 /* SessionRowMotion.swift in Sources */,
				1B996A44F546B3858CC97BA3 /* SessionRowView.swift in Sources */,
				D6EBA6BFF60DC6724AA3E151 /* SettingsView.swift in Sources */,
				0CEAD218BEDA2994FB61450D /* SetupView.swift in Sources */,
				662326058893BB21A7B04493 /* SetupViewModel.swift in Sources */,
				9CB22BDA15491AD86835F8F8 /* StatusItemController.swift in Sources */,
				6D012C9FDEFBC5DAF5AA7EB4 /* StatusPresentation.swift in Sources */,
				BCA9D1F05EDB16D92A69737C /* SyntheticEventService.swift in Sources */,
				AB79A0D58C5EE1D88CC599AF /* UITestSessionStore.swift in Sources */,
				2D9E5212FAEF0047CA863CE0 /* UpdateViewModel.swift in Sources */,
				40C7D00D58803B3C5FA10CBE /* UsageConsentView.swift in Sources */,
				36E48E5B196424D07EE9B5C6 /* VisualQALaunchConfiguration.swift in Sources */,
			);
			runOnlyForDeploymentPostprocessing = 0;
		};
		5B4C0681D53DFF667420A9EC /* Sources */ = {
			isa = PBXSourcesBuildPhase;
			buildActionMask = 2147483647;
			files = (
				5148B4D61979ABE2A235797F /* AgenticGlowLaunchTests.swift in Sources */,
				5A5DCF454C17C45C0B1C3070 /* AgenticGlowUITests.swift in Sources */,
			);
			runOnlyForDeploymentPostprocessing = 0;
		};
		6EC8970C19CB8C3F7BB329B1 /* Sources */ = {
			isa = PBXSourcesBuildPhase;
			buildActionMask = 2147483647;
			files = (
				4036EE8F8497DEB8E6E11DBA /* AllowanceCacheTests.swift in Sources */,
				859F19A77DCDC8F2D73E91D2 /* AllowanceModelTests.swift in Sources */,
				5C7EE0687E2DD04857CF3085 /* AllowancePolicyTests.swift in Sources */,
				FAB1C0210333E824460BE6D2 /* AllowanceRefreshCoordinatorTests.swift in Sources */,
				0497779E32DD15E621C11D03 /* AllowanceWarningTests.swift in Sources */,
				EB82B8C6A44750FD5D9EF35B /* ClaudeAllowanceAdapterTests.swift in Sources */,
				F1682E6AE910E5B9A2A04E77 /* ClaudeIntegrationManagerTests.swift in Sources */,
				586DE423544315B499BEE64C /* CodexAllowanceAdapterTests.swift in Sources */,
				B782EFFA66668A475E4B0622 /* CodexIntegrationManagerTests.swift in Sources */,
				B9785B941DEDFFA28C9717BF /* DiagnosticLoggerTests.swift in Sources */,
				D63891268110C4C55073CA71 /* ExecutableLocatorTests.swift in Sources */,
				CF57CE6B8A985B4A5BADC008 /* HelperInstallerTests.swift in Sources */,
				737EBF36C88DC838672F4A62 /* HookNormalizerTests.swift in Sources */,
				69DE5C69CA8074EC6AD913B5 /* JSONConfigEditorTests.swift in Sources */,
				D90686462916B77A3593C55B /* NormalizedEventTests.swift in Sources */,
				96CF22473BAAA86CA0B548D2 /* NotificationPolicyTests.swift in Sources */,
				59B7064BC525BB9983969226 /* ProcessIdentityResolverTests.swift in Sources */,
				7916C939D5FAFFD6DC0D4754 /* ProductMetadataTests.swift in Sources */,
				77DAE18C392566198236AF23 /* ProviderStatusTests.swift in Sources */,
				5AE71807122432263047C80F /* SessionPhaseTests.swift in Sources */,
				813A3B80E6A8A1C4ADCF9D14 /* SessionResolverTests.swift in Sources */,
				AA595E83E76DE8D9A39456D2 /* SessionStateStoreTests.swift in Sources */,
				318F45DFD510AA2C5073D8EB /* TestSupport.swift in Sources */,
				838AF383BE64791BD5538FCD /* UpdateCheckerTests.swift in Sources */,
				CE67EF0878DD1A7260A743B0 /* WeeklyResetDetectorTests.swift in Sources */,
			);
			runOnlyForDeploymentPostprocessing = 0;
		};
		AB4F2E39A698E3DD0E8A0E57 /* Sources */ = {
			isa = PBXSourcesBuildPhase;
			buildActionMask = 2147483647;
			files = (
				852D7ABAD149551CB9AC3BDA /* main.swift in Sources */,
			);
			runOnlyForDeploymentPostprocessing = 0;
		};
		EFC4D29DA877A4EEA12F5BAB /* Sources */ = {
			isa = PBXSourcesBuildPhase;
			buildActionMask = 2147483647;
			files = (
				E60681C5715B2578326BD81C /* AgentProvider.swift in Sources */,
				0E0E6B37F4EB9D98BB5AEAA6 /* AgenticGlowEventCommand.swift in Sources */,
				4AFB82A6B4698DB6B71D2E19 /* AllowanceAdapter.swift in Sources */,
				C57B7700563FCEA4AF858A6F /* AllowanceRefreshCoordinator.swift in Sources */,
				D46FFAF6BB3C958C8A914002 /* AllowanceWarning.swift in Sources */,
				B86AF3A466D6AD56AFA8A14D /* ClaudeAllowanceAdapter.swift in Sources */,
				B9CB48CF2D51271CCA36D761 /* ClaudeIntegrationManager.swift in Sources */,
				017884200C34F7C64228DE44 /* CodexAllowanceAdapter.swift in Sources */,
				8E73F2437658CB4F8F4DB8EC /* CodexAllowanceNormalizer.swift in Sources */,
				5EF1FDD618E19AA1B393CF18 /* CodexIntegrationManager.swift in Sources */,
				D3E0C5B16827C452403E474A /* DiagnosticLogger.swift in Sources */,
				3CC79689096A6B74FD70B83C /* ExecutableLocator.swift in Sources */,
				3228A0D7FF2AE4B8A305D2FC /* FileAllowanceCache.swift in Sources */,
				919B0EC61D7CE4FDAD0D28A7 /* HelperInstaller.swift in Sources */,
				A5626E95332C82CBC96A787D /* HookDefinitionFactory.swift in Sources */,
				AEF2E424FB6EC7FDCF96373D /* HookEventKind.swift in Sources */,
				4BA78FF28099354B057B2A2E /* HookNormalizer.swift in Sources */,
				4ACCE55191A2EE2A2BDBA062 /* IntegrationStatus.swift in Sources */,
				8C556B28E93AD5F008F7DB3A /* JSONConfigEditor.swift in Sources */,
				2C261D41276EE035893827B4 /* NormalizedEvent.swift in Sources */,
				91328CE47E0A7306E0A186A3 /* NotificationPolicy.swift in Sources */,
				A74B58C03AF64E6D5FD0EC4A /* ProcessIdentity.swift in Sources */,
				72F090DE27777269AF8DB405 /* ProcessIdentityResolver.swift in Sources */,
				9D54966B84C2C9C4A3FC2A13 /* ProcessInspector.swift in Sources */,
				097C25276DAD34C5452388F2 /* ProductMetadata.swift in Sources */,
				D7B73C72D460F999490B2C84 /* ProviderAllowance.swift in Sources */,
				8DD5984DD7DDF06350122C46 /* ProviderServiceStatus.swift in Sources */,
				598FAE5E2DC249C0C90A03F7 /* ProviderStatusMonitor.swift in Sources */,
				237D084CA3B597B8062E7DBB /* ProviderVersionDetector.swift in Sources */,
				196226E7439686D8D2AEDF45 /* SessionKey.swift in Sources */,
				89CF82D3F400F9A21AB3A46F /* SessionResolver.swift in Sources */,
				41C304D8029BD3377846F53B /* SessionSnapshot.swift in Sources */,
				462BEF211C63BA7995DFC677 /* SessionStateStore.swift in Sources */,
				5A21DBBD0A80204E75FBA076 /* SourceApplicationActivator.swift in Sources */,
				294E9E51BD8C74E7C3853DC7 /* StatusPageClient.swift in Sources */,
				2456D0D90270016AB3D17E47 /* ToolCategory.swift in Sources */,
				A66DCF1EE03BFF169A2E3F6B /* UpdateChecker.swift in Sources */,
				B0A58E68FB19543062D3305B /* WeeklyResetDetector.swift in Sources */,
			);
			runOnlyForDeploymentPostprocessing = 0;
		};
		FFCDA4649CE4D1E00C8D9E75 /* Sources */ = {
			isa = PBXSourcesBuildPhase;
			buildActionMask = 2147483647;
			files = (
				4370510C2C61144C02233103 /* AgenticGlowEventCommandTests.swift in Sources */,
				04D6F3C0A4D68B99003F6848 /* AgenticGlowEventSmokeTests.swift in Sources */,
				3010D6F3DBA4EA7644895741 /* TestSupport.swift in Sources */,
			);
			runOnlyForDeploymentPostprocessing = 0;
		};
/* End PBXSourcesBuildPhase section */

/* Begin PBXTargetDependency section */
		41E486080A1CDB51AB4DC6F9 /* PBXTargetDependency */ = {
			isa = PBXTargetDependency;
			target = 0051B037A762B63699E54A23 /* AgenticGlowCore */;
			targetProxy = 7921E913E56263DC5EA34156 /* PBXContainerItemProxy */;
		};
		42C4AA9D1463D49F9D03A022 /* PBXTargetDependency */ = {
			isa = PBXTargetDependency;
			target = E2D99C5FCA5EA16B2777B0C1 /* AgenticGlow */;
			targetProxy = 04EA03E389CD50CB9CB35BBD /* PBXContainerItemProxy */;
		};
		44CA694CC31466DEF24DAA5A /* PBXTargetDependency */ = {
			isa = PBXTargetDependency;
			target = 0051B037A762B63699E54A23 /* AgenticGlowCore */;
			targetProxy = 639549B73CE680CF6B13A666 /* PBXContainerItemProxy */;
		};
		551673181F5F6AAAC79411CC /* PBXTargetDependency */ = {
			isa = PBXTargetDependency;
			target = 34A7A5A7E96CE1F2D6FAF827 /* AgenticGlowEvent */;
			targetProxy = F9A1005E176D57214B84170F /* PBXContainerItemProxy */;
		};
		94E4E82EB03C68AA025A1C34 /* PBXTargetDependency */ = {
			isa = PBXTargetDependency;
			target = 0051B037A762B63699E54A23 /* AgenticGlowCore */;
			targetProxy = 49C201C606F05D9EC09D9106 /* PBXContainerItemProxy */;
		};
		ED6D91FB4957BD17A12113A0 /* PBXTargetDependency */ = {
			isa = PBXTargetDependency;
			target = 0051B037A762B63699E54A23 /* AgenticGlowCore */;
			targetProxy = 3C1CB2671C6D93430C22314B /* PBXContainerItemProxy */;
		};
		F457B7006782C2647BB8F425 /* PBXTargetDependency */ = {
			isa = PBXTargetDependency;
			target = E2D99C5FCA5EA16B2777B0C1 /* AgenticGlow */;
			targetProxy = 4B90C2CD5145388F5AD1D1D3 /* PBXContainerItemProxy */;
		};
		FDE0A8B1FFDA1DFA7CF5C20F /* PBXTargetDependency */ = {
			isa = PBXTargetDependency;
			target = 0051B037A762B63699E54A23 /* AgenticGlowCore */;
			targetProxy = 989107E3CE5CD192D6882E69 /* PBXContainerItemProxy */;
		};
/* End PBXTargetDependency section */

/* Begin XCBuildConfiguration section */
		1FD5E4CF9EBFF5E02BAE1FB5 /* Debug */ = {
			isa = XCBuildConfiguration;
			buildSettings = {
				ASSETCATALOG_COMPILER_APPICON_NAME = AppIcon;
				CODE_SIGN_ENTITLEMENTS = Config/AgenticGlow.entitlements;
				COMBINE_HIDPI_IMAGES = YES;
				GENERATE_INFOPLIST_FILE = NO;
				INFOPLIST_FILE = "Config/AgenticGlow-Info.plist";
				LD_RUNPATH_SEARCH_PATHS = (
					"$(inherited)",
					"@executable_path/../Frameworks",
				);
				MACOSX_DEPLOYMENT_TARGET = 14.0;
				PRODUCT_BUNDLE_IDENTIFIER = com.twodamax.agenticglow;
				PRODUCT_NAME = AgenticGlow;
				SDKROOT = macosx;
			};
			name = Debug;
		};
		2414720F4137F2208A5D2809 /* Debug */ = {
			isa = XCBuildConfiguration;
			buildSettings = {
				BUNDLE_LOADER = "$(TEST_HOST)";
				COMBINE_HIDPI_IMAGES = YES;
				GENERATE_INFOPLIST_FILE = YES;
				LD_RUNPATH_SEARCH_PATHS = (
					"$(inherited)",
					"@executable_path/../Frameworks",
					"@loader_path/../Frameworks",
				);
				MACOSX_DEPLOYMENT_TARGET = 14.0;
				PRODUCT_BUNDLE_IDENTIFIER = "com.twodamax.agenticglow.event-tests";
				SDKROOT = macosx;
			};
			name = Debug;
		};
		3046C75D304C779AC38BCAAF /* Release */ = {
			isa = XCBuildConfiguration;
			baseConfigurationReference = BED7279C6D36CA5895560EF5 /* Release.xcconfig */;
			buildSettings = {
				ALWAYS_SEARCH_USER_PATHS = NO;
				CLANG_ANALYZER_NONNULL = YES;
				CLANG_ANALYZER_NUMBER_OBJECT_CONVERSION = YES_AGGRESSIVE;
				CLANG_CXX_LANGUAGE_STANDARD = "gnu++14";
				CLANG_CXX_LIBRARY = "libc++";
				CLANG_ENABLE_MODULES = YES;
				CLANG_ENABLE_OBJC_ARC = YES;
				CLANG_ENABLE_OBJC_WEAK = YES;
				CLANG_WARN_BLOCK_CAPTURE_AUTORELEASING = YES;
				CLANG_WARN_BOOL_CONVERSION = YES;
				CLANG_WARN_COMMA = YES;
				CLANG_WARN_CONSTANT_CONVERSION = YES;
				CLANG_WARN_DEPRECATED_OBJC_IMPLEMENTATIONS = YES;
				CLANG_WARN_DIRECT_OBJC_ISA_USAGE = YES_ERROR;
				CLANG_WARN_DOCUMENTATION_COMMENTS = YES;
				CLANG_WARN_EMPTY_BODY = YES;
				CLANG_WARN_ENUM_CONVERSION = YES;
				CLANG_WARN_INFINITE_RECURSION = YES;
				CLANG_WARN_INT_CONVERSION = YES;
				CLANG_WARN_NON_LITERAL_NULL_CONVERSION = YES;
				CLANG_WARN_OBJC_IMPLICIT_RETAIN_SELF = YES;
				CLANG_WARN_OBJC_LITERAL_CONVERSION = YES;
				CLANG_WARN_OBJC_ROOT_CLASS = YES_ERROR;
				CLANG_WARN_QUOTED_INCLUDE_IN_FRAMEWORK_HEADER = YES;
				CLANG_WARN_RANGE_LOOP_ANALYSIS = YES;
				CLANG_WARN_STRICT_PROTOTYPES = YES;
				CLANG_WARN_SUSPICIOUS_MOVE = YES;
				CLANG_WARN_UNGUARDED_AVAILABILITY = YES_AGGRESSIVE;
				CLANG_WARN_UNREACHABLE_CODE = YES;
				CLANG_WARN__DUPLICATE_METHOD_MATCH = YES;
				COPY_PHASE_STRIP = NO;
				ENABLE_NS_ASSERTIONS = NO;
				ENABLE_STRICT_OBJC_MSGSEND = YES;
				GCC_C_LANGUAGE_STANDARD = gnu11;
				GCC_NO_COMMON_BLOCKS = YES;
				GCC_WARN_64_TO_32_BIT_CONVERSION = YES;
				GCC_WARN_ABOUT_RETURN_TYPE = YES_ERROR;
				GCC_WARN_UNDECLARED_SELECTOR = YES;
				GCC_WARN_UNINITIALIZED_AUTOS = YES_AGGRESSIVE;
				GCC_WARN_UNUSED_FUNCTION = YES;
				GCC_WARN_UNUSED_VARIABLE = YES;
				MACOSX_DEPLOYMENT_TARGET = 14.0;
				MTL_ENABLE_DEBUG_INFO = NO;
				MTL_FAST_MATH = YES;
				ONLY_ACTIVE_ARCH = NO;
				PRODUCT_NAME = "$(TARGET_NAME)";
				SDKROOT = macosx;
				SWIFT_COMPILATION_MODE = wholemodule;
				SWIFT_OPTIMIZATION_LEVEL = "-O";
				SWIFT_VERSION = 6.0;
			};
			name = Release;
		};
		36D858442885407758B370F6 /* Debug */ = {
			isa = XCBuildConfiguration;
			buildSettings = {
				BUNDLE_LOADER = "$(TEST_HOST)";
				COMBINE_HIDPI_IMAGES = YES;
				GENERATE_INFOPLIST_FILE = YES;
				LD_RUNPATH_SEARCH_PATHS = (
					"$(inherited)",
					"@executable_path/../Frameworks",
					"@loader_path/../Frameworks",
				);
				MACOSX_DEPLOYMENT_TARGET = 14.0;
				PRODUCT_BUNDLE_IDENTIFIER = "com.twodamax.agenticglow.app-tests";
				SDKROOT = macosx;
				TEST_HOST = "$(BUILT_PRODUCTS_DIR)/AgenticGlow.app/Contents/MacOS/AgenticGlow";
			};
			name = Debug;
		};
		3E46AFD57AA62B7EEE8DBDB1 /* Release */ = {
			isa = XCBuildConfiguration;
			buildSettings = {
				BUNDLE_LOADER = "$(TEST_HOST)";
				COMBINE_HIDPI_IMAGES = YES;
				GENERATE_INFOPLIST_FILE = YES;
				LD_RUNPATH_SEARCH_PATHS = (
					"$(inherited)",
					"@executable_path/../Frameworks",
					"@loader_path/../Frameworks",
				);
				MACOSX_DEPLOYMENT_TARGET = 14.0;
				PRODUCT_BUNDLE_IDENTIFIER = "com.twodamax.agenticglow.event-tests";
				SDKROOT = macosx;
			};
			name = Release;
		};
		43FB9CB36BA6FC868878477A /* Debug */ = {
			isa = XCBuildConfiguration;
			buildSettings = {
				COMBINE_HIDPI_IMAGES = YES;
				LD_RUNPATH_SEARCH_PATHS = (
					"$(inherited)",
					"@loader_path",
					"@loader_path/../Frameworks",
					"@loader_path/../../Frameworks",
					"@executable_path/../Frameworks",
				);
				MACOSX_DEPLOYMENT_TARGET = 14.0;
				PRODUCT_BUNDLE_IDENTIFIER = com.twodamax.agenticglow.event;
				PRODUCT_NAME = "agenticglow-event";
				SDKROOT = macosx;
			};
			name = Debug;
		};
		67C02158A2BEB930B089027B /* Debug */ = {
			isa = XCBuildConfiguration;
			baseConfigurationReference = C2F95D3AB342520D942D092C /* Debug.xcconfig */;
			buildSettings = {
				ALWAYS_SEARCH_USER_PATHS = NO;
				CLANG_ANALYZER_NONNULL = YES;
				CLANG_ANALYZER_NUMBER_OBJECT_CONVERSION = YES_AGGRESSIVE;
				CLANG_CXX_LANGUAGE_STANDARD = "gnu++14";
				CLANG_CXX_LIBRARY = "libc++";
				CLANG_ENABLE_MODULES = YES;
				CLANG_ENABLE_OBJC_ARC = YES;
				CLANG_ENABLE_OBJC_WEAK = YES;
				CLANG_WARN_BLOCK_CAPTURE_AUTORELEASING = YES;
				CLANG_WARN_BOOL_CONVERSION = YES;
				CLANG_WARN_COMMA = YES;
				CLANG_WARN_CONSTANT_CONVERSION = YES;
				CLANG_WARN_DEPRECATED_OBJC_IMPLEMENTATIONS = YES;
				CLANG_WARN_DIRECT_OBJC_ISA_USAGE = YES_ERROR;
				CLANG_WARN_DOCUMENTATION_COMMENTS = YES;
				CLANG_WARN_EMPTY_BODY = YES;
				CLANG_WARN_ENUM_CONVERSION = YES;
				CLANG_WARN_INFINITE_RECURSION = YES;
				CLANG_WARN_INT_CONVERSION = YES;
				CLANG_WARN_NON_LITERAL_NULL_CONVERSION = YES;
				CLANG_WARN_OBJC_IMPLICIT_RETAIN_SELF = YES;
				CLANG_WARN_OBJC_LITERAL_CONVERSION = YES;
				CLANG_WARN_OBJC_ROOT_CLASS = YES_ERROR;
				CLANG_WARN_QUOTED_INCLUDE_IN_FRAMEWORK_HEADER = YES;
				CLANG_WARN_RANGE_LOOP_ANALYSIS = YES;
				CLANG_WARN_STRICT_PROTOTYPES = YES;
				CLANG_WARN_SUSPICIOUS_MOVE = YES;
				CLANG_WARN_UNGUARDED_AVAILABILITY = YES_AGGRESSIVE;
				CLANG_WARN_UNREACHABLE_CODE = YES;
				CLANG_WARN__DUPLICATE_METHOD_MATCH = YES;
				COPY_PHASE_STRIP = NO;
				DEBUG_INFORMATION_FORMAT = dwarf;
				ENABLE_STRICT_OBJC_MSGSEND = YES;
				ENABLE_TESTABILITY = YES;
				GCC_C_LANGUAGE_STANDARD = gnu11;
				GCC_DYNAMIC_NO_PIC = NO;
				GCC_NO_COMMON_BLOCKS = YES;
				GCC_OPTIMIZATION_LEVEL = 0;
				GCC_PREPROCESSOR_DEFINITIONS = (
					"$(inherited)",
					"DEBUG=1",
				);
				GCC_WARN_64_TO_32_BIT_CONVERSION = YES;
				GCC_WARN_ABOUT_RETURN_TYPE = YES_ERROR;
				GCC_WARN_UNDECLARED_SELECTOR = YES;
				GCC_WARN_UNINITIALIZED_AUTOS = YES_AGGRESSIVE;
				GCC_WARN_UNUSED_FUNCTION = YES;
				GCC_WARN_UNUSED_VARIABLE = YES;
				MACOSX_DEPLOYMENT_TARGET = 14.0;
				MTL_ENABLE_DEBUG_INFO = INCLUDE_SOURCE;
				MTL_FAST_MATH = YES;
				ONLY_ACTIVE_ARCH = NO;
				PRODUCT_NAME = "$(TARGET_NAME)";
				SDKROOT = macosx;
				SWIFT_ACTIVE_COMPILATION_CONDITIONS = DEBUG;
				SWIFT_OPTIMIZATION_LEVEL = "-Onone";
				SWIFT_VERSION = 6.0;
			};
			name = Debug;
		};
		79E29157A503EBA7EB71879B /* Release */ = {
			isa = XCBuildConfiguration;
			buildSettings = {
				CODE_SIGN_IDENTITY = "";
				COMBINE_HIDPI_IMAGES = YES;
				DEFINES_MODULE = YES;
				DYLIB_COMPATIBILITY_VERSION = 1;
				DYLIB_CURRENT_VERSION = 1;
				DYLIB_INSTALL_NAME_BASE = "@rpath";
				GENERATE_INFOPLIST_FILE = YES;
				INSTALL_PATH = "$(LOCAL_LIBRARY_DIR)/Frameworks";
				LD_RUNPATH_SEARCH_PATHS = (
					"$(inherited)",
					"@executable_path/../Frameworks",
				);
				MACH_O_TYPE = staticlib;
				MACOSX_DEPLOYMENT_TARGET = 14.0;
				PRODUCT_BUNDLE_IDENTIFIER = com.twodamax.agenticglow.core;
				SDKROOT = macosx;
				SKIP_INSTALL = YES;
				VERSIONING_SYSTEM = "apple-generic";
			};
			name = Release;
		};
		7BA35D1182E79429A670A975 /* Release */ = {
			isa = XCBuildConfiguration;
			buildSettings = {
				BUNDLE_LOADER = "$(TEST_HOST)";
				COMBINE_HIDPI_IMAGES = YES;
				GENERATE_INFOPLIST_FILE = YES;
				LD_RUNPATH_SEARCH_PATHS = (
					"$(inherited)",
					"@executable_path/../Frameworks",
					"@loader_path/../Frameworks",
				);
				MACOSX_DEPLOYMENT_TARGET = 14.0;
				PRODUCT_BUNDLE_IDENTIFIER = "com.twodamax.agenticglow.app-tests";
				SDKROOT = macosx;
				TEST_HOST = "$(BUILT_PRODUCTS_DIR)/AgenticGlow.app/Contents/MacOS/AgenticGlow";
			};
			name = Release;
		};
		8102317E21B537870F674ABD /* Release */ = {
			isa = XCBuildConfiguration;
			buildSettings = {
				ASSETCATALOG_COMPILER_APPICON_NAME = AppIcon;
				CODE_SIGN_ENTITLEMENTS = Config/AgenticGlow.entitlements;
				COMBINE_HIDPI_IMAGES = YES;
				GENERATE_INFOPLIST_FILE = NO;
				INFOPLIST_FILE = "Config/AgenticGlow-Info.plist";
				LD_RUNPATH_SEARCH_PATHS = (
					"$(inherited)",
					"@executable_path/../Frameworks",
				);
				MACOSX_DEPLOYMENT_TARGET = 14.0;
				PRODUCT_BUNDLE_IDENTIFIER = com.twodamax.agenticglow;
				PRODUCT_NAME = AgenticGlow;
				SDKROOT = macosx;
			};
			name = Release;
		};
		929AD3F9C92DBC5D891523BF /* Debug */ = {
			isa = XCBuildConfiguration;
			buildSettings = {
				BUNDLE_LOADER = "$(TEST_HOST)";
				COMBINE_HIDPI_IMAGES = YES;
				ENABLE_HARDENED_RUNTIME = NO;
				GENERATE_INFOPLIST_FILE = YES;
				LD_RUNPATH_SEARCH_PATHS = (
					"$(inherited)",
					"@executable_path/Frameworks",
					"@loader_path/Frameworks",
				);
				MACOSX_DEPLOYMENT_TARGET = 14.0;
				PRODUCT_BUNDLE_IDENTIFIER = "com.twodamax.agenticglow.ui-tests";
				SDKROOT = macosx;
				TEST_TARGET_NAME = AgenticGlow;
			};
			name = Debug;
		};
		9CFDD468CA07A39291FF5F01 /* Release */ = {
			isa = XCBuildConfiguration;
			buildSettings = {
				BUNDLE_LOADER = "$(TEST_HOST)";
				COMBINE_HIDPI_IMAGES = YES;
				GENERATE_INFOPLIST_FILE = YES;
				LD_RUNPATH_SEARCH_PATHS = (
					"$(inherited)",
					"@executable_path/../Frameworks",
					"@loader_path/../Frameworks",
				);
				MACOSX_DEPLOYMENT_TARGET = 14.0;
				PRODUCT_BUNDLE_IDENTIFIER = "com.twodamax.agenticglow.core-tests";
				SDKROOT = macosx;
			};
			name = Release;
		};
		9D1973FB769744EC2E24A294 /* Release */ = {
			isa = XCBuildConfiguration;
			buildSettings = {
				COMBINE_HIDPI_IMAGES = YES;
				LD_RUNPATH_SEARCH_PATHS = (
					"$(inherited)",
					"@loader_path",
					"@loader_path/../Frameworks",
					"@loader_path/../../Frameworks",
					"@executable_path/../Frameworks",
				);
				MACOSX_DEPLOYMENT_TARGET = 14.0;
				PRODUCT_BUNDLE_IDENTIFIER = com.twodamax.agenticglow.event;
				PRODUCT_NAME = "agenticglow-event";
				SDKROOT = macosx;
			};
			name = Release;
		};
		9E45004CC44EF8E006D0A1B5 /* Release */ = {
			isa = XCBuildConfiguration;
			buildSettings = {
				BUNDLE_LOADER = "$(TEST_HOST)";
				COMBINE_HIDPI_IMAGES = YES;
				ENABLE_HARDENED_RUNTIME = NO;
				GENERATE_INFOPLIST_FILE = YES;
				LD_RUNPATH_SEARCH_PATHS = (
					"$(inherited)",
					"@executable_path/Frameworks",
					"@loader_path/Frameworks",
				);
				MACOSX_DEPLOYMENT_TARGET = 14.0;
				PRODUCT_BUNDLE_IDENTIFIER = "com.twodamax.agenticglow.ui-tests";
				SDKROOT = macosx;
				TEST_TARGET_NAME = AgenticGlow;
			};
			name = Release;
		};
		C3AF351DF139C85D4A791D68 /* Debug */ = {
			isa = XCBuildConfiguration;
			buildSettings = {
				BUNDLE_LOADER = "$(TEST_HOST)";
				COMBINE_HIDPI_IMAGES = YES;
				GENERATE_INFOPLIST_FILE = YES;
				LD_RUNPATH_SEARCH_PATHS = (
					"$(inherited)",
					"@executable_path/../Frameworks",
					"@loader_path/../Frameworks",
				);
				MACOSX_DEPLOYMENT_TARGET = 14.0;
				PRODUCT_BUNDLE_IDENTIFIER = "com.twodamax.agenticglow.core-tests";
				SDKROOT = macosx;
			};
			name = Debug;
		};
		CBD77FBA61EB395D7B1F1F49 /* Debug */ = {
			isa = XCBuildConfiguration;
			buildSettings = {
				CODE_SIGN_IDENTITY = "";
				COMBINE_HIDPI_IMAGES = YES;
				DEFINES_MODULE = YES;
				DYLIB_COMPATIBILITY_VERSION = 1;
				DYLIB_CURRENT_VERSION = 1;
				DYLIB_INSTALL_NAME_BASE = "@rpath";
				GENERATE_INFOPLIST_FILE = YES;
				INSTALL_PATH = "$(LOCAL_LIBRARY_DIR)/Frameworks";
				LD_RUNPATH_SEARCH_PATHS = (
					"$(inherited)",
					"@executable_path/../Frameworks",
				);
				MACH_O_TYPE = staticlib;
				MACOSX_DEPLOYMENT_TARGET = 14.0;
				PRODUCT_BUNDLE_IDENTIFIER = com.twodamax.agenticglow.core;
				SDKROOT = macosx;
				SKIP_INSTALL = YES;
				VERSIONING_SYSTEM = "apple-generic";
			};
			name = Debug;
		};
/* End XCBuildConfiguration section */

/* Begin XCConfigurationList section */
		10E23535114F4BC6DCE9558D /* Build configuration list for PBXNativeTarget "AgenticGlowCoreTests" */ = {
			isa = XCConfigurationList;
			buildConfigurations = (
				C3AF351DF139C85D4A791D68 /* Debug */,
				9CFDD468CA07A39291FF5F01 /* Release */,
			);
			defaultConfigurationIsVisible = 0;
			defaultConfigurationName = Debug;
		};
		53E8B42D17B54B8F38ED9661 /* Build configuration list for PBXNativeTarget "AgenticGlowUITests" */ = {
			isa = XCConfigurationList;
			buildConfigurations = (
				929AD3F9C92DBC5D891523BF /* Debug */,
				9E45004CC44EF8E006D0A1B5 /* Release */,
			);
			defaultConfigurationIsVisible = 0;
			defaultConfigurationName = Debug;
		};
		6FAA2847232857E3B141E31C /* Build configuration list for PBXProject "AgenticGlow" */ = {
			isa = XCConfigurationList;
			buildConfigurations = (
				67C02158A2BEB930B089027B /* Debug */,
				3046C75D304C779AC38BCAAF /* Release */,
			);
			defaultConfigurationIsVisible = 0;
			defaultConfigurationName = Debug;
		};
		71E72CB5EC2CDCA8DD052BC0 /* Build configuration list for PBXNativeTarget "AgenticGlowEventTests" */ = {
			isa = XCConfigurationList;
			buildConfigurations = (
				2414720F4137F2208A5D2809 /* Debug */,
				3E46AFD57AA62B7EEE8DBDB1 /* Release */,
			);
			defaultConfigurationIsVisible = 0;
			defaultConfigurationName = Debug;
		};
		B8BE469430BEE03B6448D4AA /* Build configuration list for PBXNativeTarget "AgenticGlowCore" */ = {
			isa = XCConfigurationList;
			buildConfigurations = (
				CBD77FBA61EB395D7B1F1F49 /* Debug */,
				79E29157A503EBA7EB71879B /* Release */,
			);
			defaultConfigurationIsVisible = 0;
			defaultConfigurationName = Debug;
		};
		BD438BA5C61C04DAD98A2AEC /* Build configuration list for PBXNativeTarget "AgenticGlowAppTests" */ = {
			isa = XCConfigurationList;
			buildConfigurations = (
				36D858442885407758B370F6 /* Debug */,
				7BA35D1182E79429A670A975 /* Release */,
			);
			defaultConfigurationIsVisible = 0;
			defaultConfigurationName = Debug;
		};
		C43F66F9F3C6F4D2D2796EA2 /* Build configuration list for PBXNativeTarget "AgenticGlow" */ = {
			isa = XCConfigurationList;
			buildConfigurations = (
				1FD5E4CF9EBFF5E02BAE1FB5 /* Debug */,
				8102317E21B537870F674ABD /* Release */,
			);
			defaultConfigurationIsVisible = 0;
			defaultConfigurationName = Debug;
		};
		D1202BDF8B6CC612E6AE3D25 /* Build configuration list for PBXNativeTarget "AgenticGlowEvent" */ = {
			isa = XCConfigurationList;
			buildConfigurations = (
				43FB9CB36BA6FC868878477A /* Debug */,
				9D1973FB769744EC2E24A294 /* Release */,
			);
			defaultConfigurationIsVisible = 0;
			defaultConfigurationName = Debug;
		};
/* End XCConfigurationList section */
	};
	rootObject = D9897CC5BFCC8F2D7D68CFD5 /* Project object */;
}
